<?xml version="1.0" encoding="utf-8"?>
<Project ToolsVersion="4.0" xmlns="http://schemas.microsoft.com/developer/msbuild/2003">
  <ItemGroup>
    <Filter Include="src">
      <UniqueIdentifier>{c038600c-eb16-4a25-9380-03fbe02c55a4}</UniqueIdentifier>
    </Filter>
    <Filter Include="src\xgame">
      <UniqueIdentifier>{3fdeae57-a6ac-4dc5-83e1-1517d28ca706}</UniqueIdentifier>
    </Filter>
    <Filter Include="src\pbc">
      <UniqueIdentifier>{449a4993-c4f7-45bd-96c6-d5f2e8bdff4b}</UniqueIdentifier>
    </Filter>
    <Filter Include="src\sproto">
      <UniqueIdentifier>{14fd8058-e706-4938-9e99-7a7c571ef93e}</UniqueIdentifier>
    </Filter>
    <Filter Include="src\olua">
      <UniqueIdentifier>{ab4c1a8c-5149-40e9-88b7-303d28356a84}</UniqueIdentifier>
    </Filter>
    <Filter Include="src\lpeg">
      <UniqueIdentifier>{e44994c0-51ad-4d92-a686-beebeadb9c90}</UniqueIdentifier>
    </Filter>
    <Filter Include="src\lua">
      <UniqueIdentifier>{07e32ff0-6bd1-42e9-9896-93a2f2a560e3}</UniqueIdentifier>
    </Filter>
    <Filter Include="src\lua-bindings">
      <UniqueIdentifier>{398fb43f-4300-4561-bb5e-89bc967cb546}</UniqueIdentifier>
    </Filter>
    <Filter Include="src\crypto">
      <UniqueIdentifier>{fa4d17b9-a7bd-463d-ab74-eaa640f8b72a}</UniqueIdentifier>
    </Filter>
    <Filter Include="src\cjson">
      <UniqueIdentifier>{1e04208c-8945-4616-8a7c-cb6fe37592af}</UniqueIdentifier>
    </Filter>
    <Filter Include="src\qrencode">
      <UniqueIdentifier>{bf38e316-83c6-42c2-bacd-6b7503020f96}</UniqueIdentifier>
    </Filter>
    <Filter Include="src\bugly">
      <UniqueIdentifier>{b83fff6e-c716-4e70-9f1e-64ade54f5d22}</UniqueIdentifier>
    </Filter>
    <Filter Include="src\lame">
      <UniqueIdentifier>{5809b51f-30f0-42de-94d7-4f95ada7184e}</UniqueIdentifier>
    </Filter>
  </ItemGroup>
  <ItemGroup>
    <ClCompile Include="..\src\lua\src\lapi.c">
      <Filter>src\lua</Filter>
    </ClCompile>
    <ClCompile Include="..\src\lua\src\lauxlib.c">
      <Filter>src\lua</Filter>
    </ClCompile>
    <ClCompile Include="..\src\lua\src\lbaselib.c">
      <Filter>src\lua</Filter>
    </ClCompile>
    <ClCompile Include="..\src\lua\src\lbitlib.c">
      <Filter>src\lua</Filter>
    </ClCompile>
    <ClCompile Include="..\src\lua\src\lcode.c">
      <Filter>src\lua</Filter>
    </ClCompile>
    <ClCompile Include="..\src\lua\src\lcorolib.c">
      <Filter>src\lua</Filter>
    </ClCompile>
    <ClCompile Include="..\src\lua\src\lctype.c">
      <Filter>src\lua</Filter>
    </ClCompile>
    <ClCompile Include="..\src\lua\src\ldblib.c">
      <Filter>src\lua</Filter>
    </ClCompile>
    <ClCompile Include="..\src\lua\src\ldebug.c">
      <Filter>src\lua</Filter>
    </ClCompile>
    <ClCompile Include="..\src\lua\src\ldo.c">
      <Filter>src\lua</Filter>
    </ClCompile>
    <ClCompile Include="..\src\lua\src\ldump.c">
      <Filter>src\lua</Filter>
    </ClCompile>
    <ClCompile Include="..\src\lua\src\lfunc.c">
      <Filter>src\lua</Filter>
    </ClCompile>
    <ClCompile Include="..\src\lua\src\lgc.c">
      <Filter>src\lua</Filter>
    </ClCompile>
    <ClCompile Include="..\src\lua\src\linit.c">
      <Filter>src\lua</Filter>
    </ClCompile>
    <ClCompile Include="..\src\lua\src\liolib.c">
      <Filter>src\lua</Filter>
    </ClCompile>
    <ClCompile Include="..\src\lua\src\llex.c">
      <Filter>src\lua</Filter>
    </ClCompile>
    <ClCompile Include="..\src\lua\src\lmathlib.c">
      <Filter>src\lua</Filter>
    </ClCompile>
    <ClCompile Include="..\src\lua\src\lmem.c">
      <Filter>src\lua</Filter>
    </ClCompile>
    <ClCompile Include="..\src\lua\src\loadlib.c">
      <Filter>src\lua</Filter>
    </ClCompile>
    <ClCompile Include="..\src\lua\src\lobject.c">
      <Filter>src\lua</Filter>
    </ClCompile>
    <ClCompile Include="..\src\lua\src\lopcodes.c">
      <Filter>src\lua</Filter>
    </ClCompile>
    <ClCompile Include="..\src\lua\src\loslib.c">
      <Filter>src\lua</Filter>
    </ClCompile>
    <ClCompile Include="..\src\lua\src\lparser.c">
      <Filter>src\lua</Filter>
    </ClCompile>
    <ClCompile Include="..\src\lua\src\lstate.c">
      <Filter>src\lua</Filter>
    </ClCompile>
    <ClCompile Include="..\src\lua\src\lstring.c">
      <Filter>src\lua</Filter>
    </ClCompile>
    <ClCompile Include="..\src\lua\src\lstrlib.c">
      <Filter>src\lua</Filter>
    </ClCompile>
    <ClCompile Include="..\src\lua\src\ltable.c">
      <Filter>src\lua</Filter>
    </ClCompile>
    <ClCompile Include="..\src\lua\src\ltablib.c">
      <Filter>src\lua</Filter>
    </ClCompile>
    <ClCompile Include="..\src\lua\src\ltm.c">
      <Filter>src\lua</Filter>
    </ClCompile>
    <ClCompile Include="..\src\lua\src\lundump.c">
      <Filter>src\lua</Filter>
    </ClCompile>
    <ClCompile Include="..\src\lua\src\lutf8lib.c">
      <Filter>src\lua</Filter>
    </ClCompile>
    <ClCompile Include="..\src\lua\src\lvm.c">
      <Filter>src\lua</Filter>
    </ClCompile>
    <ClCompile Include="..\src\lua\src\lzio.c">
      <Filter>src\lua</Filter>
    </ClCompile>
    <ClCompile Include="..\src\xgame\xdownloader.cpp">
      <Filter>src\xgame</Filter>
    </ClCompile>
    <ClCompile Include="..\src\xgame\xfilefinder.cpp">
      <Filter>src\xgame</Filter>
    </ClCompile>
    <ClCompile Include="..\src\xgame\xfilesystem.cpp">
      <Filter>src\xgame</Filter>
    </ClCompile>
    <ClCompile Include="..\src\xgame\xfilesystem-private.cpp">
      <Filter>src\xgame</Filter>
    </ClCompile>
    <ClCompile Include="..\src\xgame\xlua.cpp">
      <Filter>src\xgame</Filter>
    </ClCompile>
    <ClCompile Include="..\src\xgame\XMLHttpRequest.cpp">
      <Filter>src\xgame</Filter>
    </ClCompile>
    <ClCompile Include="..\src\xgame\xpreferences.cpp">
      <Filter>src\xgame</Filter>
    </ClCompile>
    <ClCompile Include="..\src\xgame\xrootscene.cpp">
      <Filter>src\xgame</Filter>
    </ClCompile>
    <ClCompile Include="..\src\xgame\xruntime.cpp">
      <Filter>src\xgame</Filter>
    </ClCompile>
    <ClCompile Include="..\src\xgame\xruntime-private.cpp">
      <Filter>src\xgame</Filter>
    </ClCompile>
    <ClCompile Include="..\src\xgame\xsocket.cpp">
      <Filter>src\xgame</Filter>
    </ClCompile>
    <ClCompile Include="..\src\xgame\xtimer.cpp">
      <Filter>src\xgame</Filter>
    </ClCompile>
    <ClCompile Include="..\src\lua-bindings\lua_bindings.cpp">
      <Filter>src\lua-bindings</Filter>
    </ClCompile>
    <ClCompile Include="..\src\olua\olua.c">
      <Filter>src\olua</Filter>
    </ClCompile>
    <ClCompile Include="..\src\crypto\md5.c">
      <Filter>src\crypto</Filter>
    </ClCompile>
    <ClCompile Include="..\src\crypto\md5util.c">
      <Filter>src\crypto</Filter>
    </ClCompile>
    <ClCompile Include="..\src\crypto\xxtea.cpp">
      <Filter>src\crypto</Filter>
    </ClCompile>
    <ClCompile Include="..\src\lua-bindings\lua_cocos2d.cpp">
      <Filter>src\lua-bindings</Filter>
    </ClCompile>
    <ClCompile Include="..\src\lua-bindings\lua_cocos2d_ui.cpp">
      <Filter>src\lua-bindings</Filter>
    </ClCompile>
    <ClCompile Include="..\src\lua-bindings\lua_conv.cpp">
      <Filter>src\lua-bindings</Filter>
    </ClCompile>
    <ClCompile Include="..\src\lua-bindings\lua_conv_manual.cpp">
      <Filter>src\lua-bindings</Filter>
    </ClCompile>
    <ClCompile Include="..\src\lua-bindings\lua_spine.cpp">
      <Filter>src\lua-bindings</Filter>
    </ClCompile>
    <ClCompile Include="..\src\lua-bindings\lua_xgame.cpp">
      <Filter>src\lua-bindings</Filter>
    </ClCompile>
    <ClCompile Include="..\src\lua-bindings\lua_xml_http_request.cpp">
      <Filter>src\lua-bindings</Filter>
    </ClCompile>
    <ClCompile Include="..\src\lua-bindings\LuaCocosAdapter.cpp">
      <Filter>src\lua-bindings</Filter>
    </ClCompile>
    <ClCompile Include="..\src\cjson\cJSON.c">
      <Filter>src\cjson</Filter>
    </ClCompile>
    <ClCompile Include="..\src\cjson\fpconv.c">
      <Filter>src\cjson</Filter>
    </ClCompile>
    <ClCompile Include="..\src\cjson\lua_cjson.c">
      <Filter>src\cjson</Filter>
    </ClCompile>
    <ClCompile Include="..\src\cjson\strbuf.c">
      <Filter>src\cjson</Filter>
    </ClCompile>
    <ClCompile Include="..\src\lua-bindings\lua_fairygui.cpp">
      <Filter>src\lua-bindings</Filter>
    </ClCompile>
    <ClCompile Include="..\src\sproto\lsproto.c">
      <Filter>src\sproto</Filter>
    </ClCompile>
    <ClCompile Include="..\src\sproto\sproto.c">
      <Filter>src\sproto</Filter>
    </ClCompile>
    <ClCompile Include="..\src\lpeg\lpcap.c">
      <Filter>src\lpeg</Filter>
    </ClCompile>
    <ClCompile Include="..\src\lpeg\lpcode.c">
      <Filter>src\lpeg</Filter>
    </ClCompile>
    <ClCompile Include="..\src\lpeg\lpprint.c">
      <Filter>src\lpeg</Filter>
    </ClCompile>
    <ClCompile Include="..\src\lpeg\lptree.c">
      <Filter>src\lpeg</Filter>
    </ClCompile>
    <ClCompile Include="..\src\lpeg\lpvm.c">
      <Filter>src\lpeg</Filter>
    </ClCompile>
    <ClCompile Include="..\src\lua-bindings\lua_crypto.cpp">
      <Filter>src\lua-bindings</Filter>
    </ClCompile>
    <ClCompile Include="..\src\pbc\alloc.c">
      <Filter>src\pbc</Filter>
    </ClCompile>
    <ClCompile Include="..\src\pbc\array.c">
      <Filter>src\pbc</Filter>
    </ClCompile>
    <ClCompile Include="..\src\pbc\bootstrap.c">
      <Filter>src\pbc</Filter>
    </ClCompile>
    <ClCompile Include="..\src\pbc\context.c">
      <Filter>src\pbc</Filter>
    </ClCompile>
    <ClCompile Include="..\src\pbc\decode.c">
      <Filter>src\pbc</Filter>
    </ClCompile>
    <ClCompile Include="..\src\pbc\map.c">
      <Filter>src\pbc</Filter>
    </ClCompile>
    <ClCompile Include="..\src\pbc\packet.c">
      <Filter>src\pbc</Filter>
    </ClCompile>
    <ClCompile Include="..\src\pbc\pattern.c">
      <Filter>src\pbc</Filter>
    </ClCompile>
    <ClCompile Include="..\src\pbc\pbc-lua53.c">
      <Filter>src\pbc</Filter>
    </ClCompile>
    <ClCompile Include="..\src\pbc\proto.c">
      <Filter>src\pbc</Filter>
    </ClCompile>
    <ClCompile Include="..\src\pbc\register.c">
      <Filter>src\pbc</Filter>
    </ClCompile>
    <ClCompile Include="..\src\pbc\rmessage.c">
      <Filter>src\pbc</Filter>
    </ClCompile>
    <ClCompile Include="..\src\pbc\stringpool.c">
      <Filter>src\pbc</Filter>
    </ClCompile>
    <ClCompile Include="..\src\pbc\varint.c">
      <Filter>src\pbc</Filter>
    </ClCompile>
    <ClCompile Include="..\src\pbc\wmessage.c">
      <Filter>src\pbc</Filter>
    </ClCompile>
    <ClCompile Include="..\src\qrencode\QRSprite.cpp">
      <Filter>src\qrencode</Filter>
    </ClCompile>
    <ClCompile Include="..\src\qrencode\lua_qrcode.cpp">
      <Filter>src\qrencode</Filter>
    </ClCompile>
    <ClCompile Include="..\src\qrencode\split.c">
      <Filter>src\qrencode</Filter>
    </ClCompile>
    <ClCompile Include="..\src\qrencode\rscode.c">
      <Filter>src\qrencode</Filter>
    </ClCompile>
    <ClCompile Include="..\src\qrencode\qrspec.c">
      <Filter>src\qrencode</Filter>
    </ClCompile>
    <ClCompile Include="..\src\qrencode\qrinput.c">
      <Filter>src\qrencode</Filter>
    </ClCompile>
    <ClCompile Include="..\src\qrencode\qrencode.c">
      <Filter>src\qrencode</Filter>
    </ClCompile>
    <ClCompile Include="..\src\qrencode\mask.c">
      <Filter>src\qrencode</Filter>
    </ClCompile>
    <ClCompile Include="..\src\qrencode\bitstream.c">
      <Filter>src\qrencode</Filter>
    </ClCompile>
    <ClCompile Include="..\src\lua-bindings\lua_javabridge.cpp">
      <Filter>src\lua-bindings</Filter>
    </ClCompile>
    <ClCompile Include="..\src\lua-bindings\lua_dragonbones.cpp">
      <Filter>src\lua-bindings</Filter>
    </ClCompile>
  </ItemGroup>
  <ItemGroup>
    <ClInclude Include="..\src\lua\src\lapi.h">
      <Filter>src\lua</Filter>
    </ClInclude>
    <ClInclude Include="..\src\lua\src\lauxlib.h">
      <Filter>src\lua</Filter>
    </ClInclude>
    <ClInclude Include="..\src\lua\src\lcode.h">
      <Filter>src\lua</Filter>
    </ClInclude>
    <ClInclude Include="..\src\lua\src\lctype.h">
      <Filter>src\lua</Filter>
    </ClInclude>
    <ClInclude Include="..\src\lua\src\ldebug.h">
      <Filter>src\lua</Filter>
    </ClInclude>
    <ClInclude Include="..\src\lua\src\ldo.h">
      <Filter>src\lua</Filter>
    </ClInclude>
    <ClInclude Include="..\src\lua\src\lfunc.h">
      <Filter>src\lua</Filter>
    </ClInclude>
    <ClInclude Include="..\src\lua\src\lgc.h">
      <Filter>src\lua</Filter>
    </ClInclude>
    <ClInclude Include="..\src\lua\src\llex.h">
      <Filter>src\lua</Filter>
    </ClInclude>
    <ClInclude Include="..\src\lua\src\llimits.h">
      <Filter>src\lua</Filter>
    </ClInclude>
    <ClInclude Include="..\src\lua\src\lmem.h">
      <Filter>src\lua</Filter>
    </ClInclude>
    <ClInclude Include="..\src\lua\src\lobject.h">
      <Filter>src\lua</Filter>
    </ClInclude>
    <ClInclude Include="..\src\lua\src\lopcodes.h">
      <Filter>src\lua</Filter>
    </ClInclude>
    <ClInclude Include="..\src\lua\src\lparser.h">
      <Filter>src\lua</Filter>
    </ClInclude>
    <ClInclude Include="..\src\lua\src\lprefix.h">
      <Filter>src\lua</Filter>
    </ClInclude>
    <ClInclude Include="..\src\lua\src\lstate.h">
      <Filter>src\lua</Filter>
    </ClInclude>
    <ClInclude Include="..\src\lua\src\lstring.h">
      <Filter>src\lua</Filter>
    </ClInclude>
    <ClInclude Include="..\src\lua\src\ltable.h">
      <Filter>src\lua</Filter>
    </ClInclude>
    <ClInclude Include="..\src\lua\src\ltm.h">
      <Filter>src\lua</Filter>
    </ClInclude>
    <ClInclude Include="..\src\lua\src\lua.h">
      <Filter>src\lua</Filter>
    </ClInclude>
    <ClInclude Include="..\src\lua\src\lua.hpp">
      <Filter>src\lua</Filter>
    </ClInclude>
    <ClInclude Include="..\src\lua\src\luaconf.h">
      <Filter>src\lua</Filter>
    </ClInclude>
    <ClInclude Include="..\src\lua\src\lualib.h">
      <Filter>src\lua</Filter>
    </ClInclude>
    <ClInclude Include="..\src\lua\src\lundump.h">
      <Filter>src\lua</Filter>
    </ClInclude>
    <ClInclude Include="..\src\lua\src\lvm.h">
      <Filter>src\lua</Filter>
    </ClInclude>
    <ClInclude Include="..\src\lua\src\lzio.h">
      <Filter>src\lua</Filter>
    </ClInclude>
    <ClInclude Include="..\src\xgame\xdef.h">
      <Filter>src\xgame</Filter>
    </ClInclude>
    <ClInclude Include="..\src\xgame\xdownloader.h">
      <Filter>src\xgame</Filter>
    </ClInclude>
    <ClInclude Include="..\src\xgame\xfilefinder.h">
      <Filter>src\xgame</Filter>
    </ClInclude>
    <ClInclude Include="..\src\xgame\xfilesystem.h">
      <Filter>src\xgame</Filter>
    </ClInclude>
    <ClInclude Include="..\src\xgame\xfilesystem-private.h">
      <Filter>src\xgame</Filter>
    </ClInclude>
    <ClInclude Include="..\src\xgame\xlua.h">
      <Filter>src\xgame</Filter>
    </ClInclude>
    <ClInclude Include="..\src\xgame\XMLHttpRequest.h">
      <Filter>src\xgame</Filter>
    </ClInclude>
    <ClInclude Include="..\src\xgame\xpreferences.h">
      <Filter>src\xgame</Filter>
    </ClInclude>
    <ClInclude Include="..\src\xgame\xrootscene.h">
      <Filter>src\xgame</Filter>
    </ClInclude>
    <ClInclude Include="..\src\xgame\xruntime.h">
      <Filter>src\xgame</Filter>
    </ClInclude>
    <ClInclude Include="..\src\xgame\xruntime-private.h">
      <Filter>src\xgame</Filter>
    </ClInclude>
    <ClInclude Include="..\src\xgame\xsocket.h">
      <Filter>src\xgame</Filter>
    </ClInclude>
    <ClInclude Include="..\src\xgame\xtimer.h">
      <Filter>src\xgame</Filter>
    </ClInclude>
    <ClInclude Include="..\src\lua-bindings\lua_bindings.h">
      <Filter>src\lua-bindings</Filter>
    </ClInclude>
    <ClInclude Include="..\src\olua\olua.h">
      <Filter>src\olua</Filter>
    </ClInclude>
    <ClInclude Include="..\src\olua\olua.hpp">
      <Filter>src\olua</Filter>
    </ClInclude>
    <ClInclude Include="..\src\crypto\md5.h">
      <Filter>src\crypto</Filter>
    </ClInclude>
    <ClInclude Include="..\src\crypto\md5util.h">
      <Filter>src\crypto</Filter>
    </ClInclude>
    <ClInclude Include="..\src\crypto\xxtea.h">
      <Filter>src\crypto</Filter>
    </ClInclude>
    <ClInclude Include="..\src\lua-bindings\lua_cocos2d.h">
      <Filter>src\lua-bindings</Filter>
    </ClInclude>
    <ClInclude Include="..\src\lua-bindings\lua_cocos2d_ui.h">
      <Filter>src\lua-bindings</Filter>
    </ClInclude>
    <ClInclude Include="..\src\lua-bindings\lua_conv.h">
      <Filter>src\lua-bindings</Filter>
    </ClInclude>
    <ClInclude Include="..\src\lua-bindings\lua_conv_manual.h">
      <Filter>src\lua-bindings</Filter>
    </ClInclude>
    <ClInclude Include="..\src\lua-bindings\lua_spine.h">
      <Filter>src\lua-bindings</Filter>
    </ClInclude>
    <ClInclude Include="..\src\lua-bindings\lua_xgame.h">
      <Filter>src\lua-bindings</Filter>
    </ClInclude>
    <ClInclude Include="..\src\lua-bindings\lua_xml_http_request.h">
      <Filter>src\lua-bindings</Filter>
    </ClInclude>
    <ClInclude Include="..\src\lua-bindings\LuaCocosAdapter.h">
      <Filter>src\lua-bindings</Filter>
    </ClInclude>
    <ClInclude Include="..\src\cjson\cJSON.h">
      <Filter>src\cjson</Filter>
    </ClInclude>
    <ClInclude Include="..\src\cjson\fpconv.h">
      <Filter>src\cjson</Filter>
    </ClInclude>
    <ClInclude Include="..\src\cjson\lua_cjson.h">
      <Filter>src\cjson</Filter>
    </ClInclude>
    <ClInclude Include="..\src\cjson\strbuf.h">
      <Filter>src\cjson</Filter>
    </ClInclude>
    <ClInclude Include="..\src\lua-bindings\lua_fairygui.h">
      <Filter>src\lua-bindings</Filter>
    </ClInclude>
    <ClInclude Include="..\src\sproto\lsproto.h">
      <Filter>src\sproto</Filter>
    </ClInclude>
    <ClInclude Include="..\src\sproto\msvcint.h">
      <Filter>src\sproto</Filter>
    </ClInclude>
    <ClInclude Include="..\src\sproto\sproto.h">
      <Filter>src\sproto</Filter>
    </ClInclude>
    <ClInclude Include="..\src\lpeg\lpcap.h">
      <Filter>src\lpeg</Filter>
    </ClInclude>
    <ClInclude Include="..\src\lpeg\lpcode.h">
      <Filter>src\lpeg</Filter>
    </ClInclude>
    <ClInclude Include="..\src\lpeg\lpprint.h">
      <Filter>src\lpeg</Filter>
    </ClInclude>
    <ClInclude Include="..\src\lpeg\lptree.h">
      <Filter>src\lpeg</Filter>
    </ClInclude>
    <ClInclude Include="..\src\lpeg\lptypes.h">
      <Filter>src\lpeg</Filter>
    </ClInclude>
    <ClInclude Include="..\src\lpeg\lpvm.h">
      <Filter>src\lpeg</Filter>
    </ClInclude>
    <ClInclude Include="..\src\lua-bindings\lua_crypto.h">
      <Filter>src\lua-bindings</Filter>
    </ClInclude>
    <ClInclude Include="..\src\pbc\alloc.h">
      <Filter>src\pbc</Filter>
    </ClInclude>
    <ClInclude Include="..\src\pbc\array.h">
      <Filter>src\pbc</Filter>
    </ClInclude>
    <ClInclude Include="..\src\pbc\bootstrap.h">
      <Filter>src\pbc</Filter>
    </ClInclude>
    <ClInclude Include="..\src\pbc\context.h">
      <Filter>src\pbc</Filter>
    </ClInclude>
    <ClInclude Include="..\src\pbc\descriptor.pbc.h">
      <Filter>src\pbc</Filter>
    </ClInclude>
    <ClInclude Include="..\src\pbc\map.h">
      <Filter>src\pbc</Filter>
    </ClInclude>
    <ClInclude Include="..\src\pbc\packet.h">
      <Filter>src\pbc</Filter>
    </ClInclude>
    <ClInclude Include="..\src\pbc\pattern.h">
      <Filter>src\pbc</Filter>
    </ClInclude>
    <ClInclude Include="..\src\pbc\pbc.h">
      <Filter>src\pbc</Filter>
    </ClInclude>
    <ClInclude Include="..\src\pbc\proto.h">
      <Filter>src\pbc</Filter>
    </ClInclude>
    <ClInclude Include="..\src\pbc\stringpool.h">
      <Filter>src\pbc</Filter>
    </ClInclude>
    <ClInclude Include="..\src\pbc\varint.h">
      <Filter>src\pbc</Filter>
    </ClInclude>
    <ClInclude Include="..\src\qrencode\split.h">
      <Filter>src\qrencode</Filter>
    </ClInclude>
    <ClInclude Include="..\src\qrencode\rscode.h">
      <Filter>src\qrencode</Filter>
    </ClInclude>
    <ClInclude Include="..\src\qrencode\QRSprite.h">
      <Filter>src\qrencode</Filter>
    </ClInclude>
    <ClInclude Include="..\src\qrencode\qrspec.h">
      <Filter>src\qrencode</Filter>
    </ClInclude>
    <ClInclude Include="..\src\qrencode\qrinput.h">
      <Filter>src\qrencode</Filter>
    </ClInclude>
    <ClInclude Include="..\src\qrencode\qrencode.h">
      <Filter>src\qrencode</Filter>
    </ClInclude>
    <ClInclude Include="..\src\qrencode\mask.h">
      <Filter>src\qrencode</Filter>
    </ClInclude>
    <ClInclude Include="..\src\qrencode\lua_qrcode.h">
      <Filter>src\qrencode</Filter>
    </ClInclude>
    <ClInclude Include="..\src\qrencode\bitstream.h">
      <Filter>src\qrencode</Filter>
    </ClInclude>
    <ClInclude Include="..\src\lua-bindings\lua_iap.h">
      <Filter>src\lua-bindings</Filter>
    </ClInclude>
    <ClInclude Include="..\src\lua-bindings\lua_javabridge.h">
      <Filter>src\lua-bindings</Filter>
    </ClInclude>
    <ClInclude Include="..\src\lua-bindings\lua_keychain.h">
      <Filter>src\lua-bindings</Filter>
    </ClInclude>
    <ClInclude Include="..\src\lua-bindings\lua_photo.h">
      <Filter>src\lua-bindings</Filter>
    </ClInclude>
    <ClInclude Include="..\src\lua-bindings\lua_recorder.h">
      <Filter>src\lua-bindings</Filter>
    </ClInclude>
    <ClInclude Include="..\src\bugly\lua_bugly.h">
      <Filter>src\bugly</Filter>
    </ClInclude>
    <ClInclude Include="..\src\lame\lua_lame.h">
      <Filter>src\lame</Filter>
    </ClInclude>
    <ClInclude Include="..\src\lua-bindings\lua_dragonbones.h">
      <Filter>src\lua-bindings</Filter>
    </ClInclude>
  </ItemGroup>
</Project>