// !$*UTF8*$!
{
	archiveVersion = 1;
	classes = {
	};
	objectVersion = 50;
	objects = {

/* Begin PBXBuildFile section */
		0E25A89E211D410E006B88E1 /* SystemConfiguration.framework in Frameworks */ = {isa = PBXBuildFile; fileRef = 0E25A89D211D410E006B88E1 /* SystemConfiguration.framework */; };
		0E25A8A2211D4123006B88E1 /* Security.framework in Frameworks */ = {isa = PBXBuildFile; fileRef = 0E25A8A1211D4123006B88E1 /* Security.framework */; };
		0EB7DC7F229E212400204A43 /* CCArmatureDisplay.cpp in Sources */ = {isa = PBXBuildFile; fileRef = 0EB7DC04229E212300204A43 /* CCArmatureDisplay.cpp */; };
		0EB7DC80229E212400204A43 /* CCArmatureDisplay.cpp in Sources */ = {isa = PBXBuildFile; fileRef = 0EB7DC04229E212300204A43 /* CCArmatureDisplay.cpp */; };
		0EB7DC81229E212400204A43 /* CCTextureAtlasData.cpp in Sources */ = {isa = PBXBuildFile; fileRef = 0EB7DC05229E212300204A43 /* CCTextureAtlasData.cpp */; };
		0EB7DC82229E212400204A43 /* CCTextureAtlasData.cpp in Sources */ = {isa = PBXBuildFile; fileRef = 0EB7DC05229E212300204A43 /* CCTextureAtlasData.cpp */; };
		0EB7DC83229E212400204A43 /* CCFactory.cpp in Sources */ = {isa = PBXBuildFile; fileRef = 0EB7DC06229E212300204A43 /* CCFactory.cpp */; };
		0EB7DC84229E212400204A43 /* CCFactory.cpp in Sources */ = {isa = PBXBuildFile; fileRef = 0EB7DC06229E212300204A43 /* CCFactory.cpp */; };
		0EB7DC85229E212400204A43 /* BaseObject.cpp in Sources */ = {isa = PBXBuildFile; fileRef = 0EB7DC34229E212300204A43 /* BaseObject.cpp */; };
		0EB7DC86229E212400204A43 /* BaseObject.cpp in Sources */ = {isa = PBXBuildFile; fileRef = 0EB7DC34229E212300204A43 /* BaseObject.cpp */; };
		0EB7DC87229E212400204A43 /* DragonBones.cpp in Sources */ = {isa = PBXBuildFile; fileRef = 0EB7DC36229E212300204A43 /* DragonBones.cpp */; };
		0EB7DC88229E212400204A43 /* DragonBones.cpp in Sources */ = {isa = PBXBuildFile; fileRef = 0EB7DC36229E212300204A43 /* DragonBones.cpp */; };
		0EB7DC89229E212400204A43 /* Bone.cpp in Sources */ = {isa = PBXBuildFile; fileRef = 0EB7DC38229E212300204A43 /* Bone.cpp */; };
		0EB7DC8A229E212400204A43 /* Bone.cpp in Sources */ = {isa = PBXBuildFile; fileRef = 0EB7DC38229E212300204A43 /* Bone.cpp */; };
		0EB7DC8B229E212400204A43 /* DeformVertices.cpp in Sources */ = {isa = PBXBuildFile; fileRef = 0EB7DC3A229E212300204A43 /* DeformVertices.cpp */; };
		0EB7DC8C229E212400204A43 /* DeformVertices.cpp in Sources */ = {isa = PBXBuildFile; fileRef = 0EB7DC3A229E212300204A43 /* DeformVertices.cpp */; };
		0EB7DC8D229E212400204A43 /* Constraint.cpp in Sources */ = {isa = PBXBuildFile; fileRef = 0EB7DC3C229E212300204A43 /* Constraint.cpp */; };
		0EB7DC8E229E212400204A43 /* Constraint.cpp in Sources */ = {isa = PBXBuildFile; fileRef = 0EB7DC3C229E212300204A43 /* Constraint.cpp */; };
		0EB7DC8F229E212400204A43 /* Armature.cpp in Sources */ = {isa = PBXBuildFile; fileRef = 0EB7DC3D229E212300204A43 /* Armature.cpp */; };
		0EB7DC90229E212400204A43 /* Armature.cpp in Sources */ = {isa = PBXBuildFile; fileRef = 0EB7DC3D229E212300204A43 /* Armature.cpp */; };
		0EB7DC91229E212400204A43 /* Slot.cpp in Sources */ = {isa = PBXBuildFile; fileRef = 0EB7DC42229E212300204A43 /* Slot.cpp */; };
		0EB7DC92229E212400204A43 /* Slot.cpp in Sources */ = {isa = PBXBuildFile; fileRef = 0EB7DC42229E212300204A43 /* Slot.cpp */; };
		0EB7DC93229E212400204A43 /* TransformObject.cpp in Sources */ = {isa = PBXBuildFile; fileRef = 0EB7DC44229E212300204A43 /* TransformObject.cpp */; };
		0EB7DC94229E212400204A43 /* TransformObject.cpp in Sources */ = {isa = PBXBuildFile; fileRef = 0EB7DC44229E212300204A43 /* TransformObject.cpp */; };
		0EB7DC95229E212400204A43 /* WorldClock.cpp in Sources */ = {isa = PBXBuildFile; fileRef = 0EB7DC49229E212300204A43 /* WorldClock.cpp */; };
		0EB7DC96229E212400204A43 /* WorldClock.cpp in Sources */ = {isa = PBXBuildFile; fileRef = 0EB7DC49229E212300204A43 /* WorldClock.cpp */; };
		0EB7DC97229E212400204A43 /* TimelineState.cpp in Sources */ = {isa = PBXBuildFile; fileRef = 0EB7DC4B229E212300204A43 /* TimelineState.cpp */; };
		0EB7DC98229E212400204A43 /* TimelineState.cpp in Sources */ = {isa = PBXBuildFile; fileRef = 0EB7DC4B229E212300204A43 /* TimelineState.cpp */; };
		0EB7DC99229E212400204A43 /* BaseTimelineState.cpp in Sources */ = {isa = PBXBuildFile; fileRef = 0EB7DC4C229E212300204A43 /* BaseTimelineState.cpp */; };
		0EB7DC9A229E212400204A43 /* BaseTimelineState.cpp in Sources */ = {isa = PBXBuildFile; fileRef = 0EB7DC4C229E212300204A43 /* BaseTimelineState.cpp */; };
		0EB7DC9B229E212400204A43 /* Animation.cpp in Sources */ = {isa = PBXBuildFile; fileRef = 0EB7DC4D229E212300204A43 /* Animation.cpp */; };
		0EB7DC9C229E212400204A43 /* Animation.cpp in Sources */ = {isa = PBXBuildFile; fileRef = 0EB7DC4D229E212300204A43 /* Animation.cpp */; };
		0EB7DC9D229E212400204A43 /* AnimationState.cpp in Sources */ = {isa = PBXBuildFile; fileRef = 0EB7DC4F229E212300204A43 /* AnimationState.cpp */; };
		0EB7DC9E229E212400204A43 /* AnimationState.cpp in Sources */ = {isa = PBXBuildFile; fileRef = 0EB7DC4F229E212300204A43 /* AnimationState.cpp */; };
		0EB7DC9F229E212400204A43 /* BinaryDataParser.cpp in Sources */ = {isa = PBXBuildFile; fileRef = 0EB7DC54229E212300204A43 /* BinaryDataParser.cpp */; };
		0EB7DCA0229E212400204A43 /* BinaryDataParser.cpp in Sources */ = {isa = PBXBuildFile; fileRef = 0EB7DC54229E212300204A43 /* BinaryDataParser.cpp */; };
		0EB7DCA1229E212400204A43 /* JSONDataParser.cpp in Sources */ = {isa = PBXBuildFile; fileRef = 0EB7DC55229E212300204A43 /* JSONDataParser.cpp */; };
		0EB7DCA2229E212400204A43 /* JSONDataParser.cpp in Sources */ = {isa = PBXBuildFile; fileRef = 0EB7DC55229E212300204A43 /* JSONDataParser.cpp */; };
		0EB7DCA3229E212400204A43 /* DataParser.cpp in Sources */ = {isa = PBXBuildFile; fileRef = 0EB7DC56229E212300204A43 /* DataParser.cpp */; };
		0EB7DCA4229E212400204A43 /* DataParser.cpp in Sources */ = {isa = PBXBuildFile; fileRef = 0EB7DC56229E212300204A43 /* DataParser.cpp */; };
		0EB7DCA5229E212400204A43 /* Transform.cpp in Sources */ = {isa = PBXBuildFile; fileRef = 0EB7DC5B229E212300204A43 /* Transform.cpp */; };
		0EB7DCA6229E212400204A43 /* Transform.cpp in Sources */ = {isa = PBXBuildFile; fileRef = 0EB7DC5B229E212300204A43 /* Transform.cpp */; };
		0EB7DCA7229E212400204A43 /* Point.cpp in Sources */ = {isa = PBXBuildFile; fileRef = 0EB7DC5C229E212300204A43 /* Point.cpp */; };
		0EB7DCA8229E212400204A43 /* Point.cpp in Sources */ = {isa = PBXBuildFile; fileRef = 0EB7DC5C229E212300204A43 /* Point.cpp */; };
		0EB7DCA9229E212400204A43 /* DragonBonesData.cpp in Sources */ = {isa = PBXBuildFile; fileRef = 0EB7DC64229E212300204A43 /* DragonBonesData.cpp */; };
		0EB7DCAA229E212400204A43 /* DragonBonesData.cpp in Sources */ = {isa = PBXBuildFile; fileRef = 0EB7DC64229E212300204A43 /* DragonBonesData.cpp */; };
		0EB7DCAB229E212400204A43 /* BoundingBoxData.cpp in Sources */ = {isa = PBXBuildFile; fileRef = 0EB7DC66229E212300204A43 /* BoundingBoxData.cpp */; };
		0EB7DCAC229E212400204A43 /* BoundingBoxData.cpp in Sources */ = {isa = PBXBuildFile; fileRef = 0EB7DC66229E212300204A43 /* BoundingBoxData.cpp */; };
		0EB7DCAD229E212400204A43 /* DisplayData.cpp in Sources */ = {isa = PBXBuildFile; fileRef = 0EB7DC67229E212300204A43 /* DisplayData.cpp */; };
		0EB7DCAE229E212400204A43 /* DisplayData.cpp in Sources */ = {isa = PBXBuildFile; fileRef = 0EB7DC67229E212300204A43 /* DisplayData.cpp */; };
		0EB7DCAF229E212400204A43 /* ConstraintData.cpp in Sources */ = {isa = PBXBuildFile; fileRef = 0EB7DC68229E212300204A43 /* ConstraintData.cpp */; };
		0EB7DCB0229E212400204A43 /* ConstraintData.cpp in Sources */ = {isa = PBXBuildFile; fileRef = 0EB7DC68229E212300204A43 /* ConstraintData.cpp */; };
		0EB7DCB1229E212400204A43 /* AnimationConfig.cpp in Sources */ = {isa = PBXBuildFile; fileRef = 0EB7DC69229E212300204A43 /* AnimationConfig.cpp */; };
		0EB7DCB2229E212400204A43 /* AnimationConfig.cpp in Sources */ = {isa = PBXBuildFile; fileRef = 0EB7DC69229E212300204A43 /* AnimationConfig.cpp */; };
		0EB7DCB3229E212400204A43 /* SkinData.cpp in Sources */ = {isa = PBXBuildFile; fileRef = 0EB7DC6B229E212300204A43 /* SkinData.cpp */; };
		0EB7DCB4229E212400204A43 /* SkinData.cpp in Sources */ = {isa = PBXBuildFile; fileRef = 0EB7DC6B229E212300204A43 /* SkinData.cpp */; };
		0EB7DCB5229E212400204A43 /* AnimationData.cpp in Sources */ = {isa = PBXBuildFile; fileRef = 0EB7DC6E229E212300204A43 /* AnimationData.cpp */; };
		0EB7DCB6229E212400204A43 /* AnimationData.cpp in Sources */ = {isa = PBXBuildFile; fileRef = 0EB7DC6E229E212300204A43 /* AnimationData.cpp */; };
		0EB7DCB7229E212400204A43 /* CanvasData.cpp in Sources */ = {isa = PBXBuildFile; fileRef = 0EB7DC6F229E212300204A43 /* CanvasData.cpp */; };
		0EB7DCB8229E212400204A43 /* CanvasData.cpp in Sources */ = {isa = PBXBuildFile; fileRef = 0EB7DC6F229E212300204A43 /* CanvasData.cpp */; };
		0EB7DCB9229E212400204A43 /* ArmatureData.cpp in Sources */ = {isa = PBXBuildFile; fileRef = 0EB7DC70229E212300204A43 /* ArmatureData.cpp */; };
		0EB7DCBA229E212400204A43 /* ArmatureData.cpp in Sources */ = {isa = PBXBuildFile; fileRef = 0EB7DC70229E212300204A43 /* ArmatureData.cpp */; };
		0EB7DCBB229E212400204A43 /* UserData.cpp in Sources */ = {isa = PBXBuildFile; fileRef = 0EB7DC75229E212300204A43 /* UserData.cpp */; };
		0EB7DCBC229E212400204A43 /* UserData.cpp in Sources */ = {isa = PBXBuildFile; fileRef = 0EB7DC75229E212300204A43 /* UserData.cpp */; };
		0EB7DCBD229E212400204A43 /* TextureAtlasData.cpp in Sources */ = {isa = PBXBuildFile; fileRef = 0EB7DC76229E212300204A43 /* TextureAtlasData.cpp */; };
		0EB7DCBE229E212400204A43 /* TextureAtlasData.cpp in Sources */ = {isa = PBXBuildFile; fileRef = 0EB7DC76229E212300204A43 /* TextureAtlasData.cpp */; };
		0EB7DCBF229E212400204A43 /* EventObject.cpp in Sources */ = {isa = PBXBuildFile; fileRef = 0EB7DC78229E212300204A43 /* EventObject.cpp */; };
		0EB7DCC0229E212400204A43 /* EventObject.cpp in Sources */ = {isa = PBXBuildFile; fileRef = 0EB7DC78229E212300204A43 /* EventObject.cpp */; };
		0EB7DCC1229E212400204A43 /* BaseFactory.cpp in Sources */ = {isa = PBXBuildFile; fileRef = 0EB7DC7C229E212300204A43 /* BaseFactory.cpp */; };
		0EB7DCC2229E212400204A43 /* BaseFactory.cpp in Sources */ = {isa = PBXBuildFile; fileRef = 0EB7DC7C229E212300204A43 /* BaseFactory.cpp */; };
		0EB7DCC3229E212400204A43 /* CCSlot.cpp in Sources */ = {isa = PBXBuildFile; fileRef = 0EB7DC7E229E212300204A43 /* CCSlot.cpp */; };
		0EB7DCC4229E212400204A43 /* CCSlot.cpp in Sources */ = {isa = PBXBuildFile; fileRef = 0EB7DC7E229E212300204A43 /* CCSlot.cpp */; };
/* End PBXBuildFile section */

/* Begin PBXFileReference section */
		0E25A2D421172BC2006B88E1 /* libdragonbones Mac.a */ = {isa = PBXFileReference; explicitFileType = archive.ar; includeInIndex = 0; path = "libdragonbones Mac.a"; sourceTree = BUILT_PRODUCTS_DIR; };
		0E25A7192117479A006B88E1 /* libdragonbones iOS.a */ = {isa = PBXFileReference; explicitFileType = archive.ar; includeInIndex = 0; path = "libdragonbones iOS.a"; sourceTree = BUILT_PRODUCTS_DIR; };
		0E25A89D211D410E006B88E1 /* SystemConfiguration.framework */ = {isa = PBXFileReference; lastKnownFileType = wrapper.framework; name = SystemConfiguration.framework; path = Platforms/iPhoneOS.platform/Developer/SDKs/iPhoneOS11.4.sdk/System/Library/Frameworks/SystemConfiguration.framework; sourceTree = DEVELOPER_DIR; };
		0E25A89F211D411A006B88E1 /* libz.tbd */ = {isa = PBXFileReference; lastKnownFileType = "sourcecode.text-based-dylib-definition"; name = libz.tbd; path = Platforms/iPhoneOS.platform/Developer/SDKs/iPhoneOS11.4.sdk/usr/lib/libz.tbd; sourceTree = DEVELOPER_DIR; };
		0E25A8A1211D4123006B88E1 /* Security.framework */ = {isa = PBXFileReference; lastKnownFileType = wrapper.framework; name = Security.framework; path = Platforms/iPhoneOS.platform/Developer/SDKs/iPhoneOS11.4.sdk/System/Library/Frameworks/Security.framework; sourceTree = DEVELOPER_DIR; };
		0E98BC36221C043F00F1AEEA /* libcocos2d Mac.a */ = {isa = PBXFileReference; explicitFileType = archive.ar; path = "libcocos2d Mac.a"; sourceTree = BUILT_PRODUCTS_DIR; };
		0E98BC38221C044A00F1AEEA /* libcocos2d iOS.a */ = {isa = PBXFileReference; explicitFileType = archive.ar; path = "libcocos2d iOS.a"; sourceTree = BUILT_PRODUCTS_DIR; };
		0EB7DC01229E212200204A43 /* CCTextureAtlasData.h */ = {isa = PBXFileReference; fileEncoding = 4; lastKnownFileType = sourcecode.c.h; name = CCTextureAtlasData.h; path = ../src/CCTextureAtlasData.h; sourceTree = "<group>"; };
		0EB7DC02229E212300204A43 /* CCDragonBonesHeaders.h */ = {isa = PBXFileReference; fileEncoding = 4; lastKnownFileType = sourcecode.c.h; name = CCDragonBonesHeaders.h; path = ../src/CCDragonBonesHeaders.h; sourceTree = "<group>"; };
		0EB7DC03229E212300204A43 /* CCArmatureDisplay.h */ = {isa = PBXFileReference; fileEncoding = 4; lastKnownFileType = sourcecode.c.h; name = CCArmatureDisplay.h; path = ../src/CCArmatureDisplay.h; sourceTree = "<group>"; };
		0EB7DC04229E212300204A43 /* CCArmatureDisplay.cpp */ = {isa = PBXFileReference; fileEncoding = 4; lastKnownFileType = sourcecode.cpp.cpp; name = CCArmatureDisplay.cpp; path = ../src/CCArmatureDisplay.cpp; sourceTree = "<group>"; };
		0EB7DC05229E212300204A43 /* CCTextureAtlasData.cpp */ = {isa = PBXFileReference; fileEncoding = 4; lastKnownFileType = sourcecode.cpp.cpp; name = CCTextureAtlasData.cpp; path = ../src/CCTextureAtlasData.cpp; sourceTree = "<group>"; };
		0EB7DC06229E212300204A43 /* CCFactory.cpp */ = {isa = PBXFileReference; fileEncoding = 4; lastKnownFileType = sourcecode.cpp.cpp; name = CCFactory.cpp; path = ../src/CCFactory.cpp; sourceTree = "<group>"; };
		0EB7DC07229E212300204A43 /* CCFactory.h */ = {isa = PBXFileReference; fileEncoding = 4; lastKnownFileType = sourcecode.c.h; name = CCFactory.h; path = ../src/CCFactory.h; sourceTree = "<group>"; };
		0EB7DC09229E212300204A43 /* fwd.h */ = {isa = PBXFileReference; fileEncoding = 4; lastKnownFileType = sourcecode.c.h; path = fwd.h; sourceTree = "<group>"; };
		0EB7DC0A229E212300204A43 /* memorystream.h */ = {isa = PBXFileReference; fileEncoding = 4; lastKnownFileType = sourcecode.c.h; path = memorystream.h; sourceTree = "<group>"; };
		0EB7DC0B229E212300204A43 /* reader.h */ = {isa = PBXFileReference; fileEncoding = 4; lastKnownFileType = sourcecode.c.h; path = reader.h; sourceTree = "<group>"; };
		0EB7DC0C229E212300204A43 /* prettywriter.h */ = {isa = PBXFileReference; fileEncoding = 4; lastKnownFileType = sourcecode.c.h; path = prettywriter.h; sourceTree = "<group>"; };
		0EB7DC0D229E212300204A43 /* ostreamwrapper.h */ = {isa = PBXFileReference; fileEncoding = 4; lastKnownFileType = sourcecode.c.h; path = ostreamwrapper.h; sourceTree = "<group>"; };
		0EB7DC0E229E212300204A43 /* encodedstream.h */ = {isa = PBXFileReference; fileEncoding = 4; lastKnownFileType = sourcecode.c.h; path = encodedstream.h; sourceTree = "<group>"; };
		0EB7DC0F229E212300204A43 /* filereadstream.h */ = {isa = PBXFileReference; fileEncoding = 4; lastKnownFileType = sourcecode.c.h; path = filereadstream.h; sourceTree = "<group>"; };
		0EB7DC10229E212300204A43 /* istreamwrapper.h */ = {isa = PBXFileReference; fileEncoding = 4; lastKnownFileType = sourcecode.c.h; path = istreamwrapper.h; sourceTree = "<group>"; };
		0EB7DC11229E212300204A43 /* stringbuffer.h */ = {isa = PBXFileReference; fileEncoding = 4; lastKnownFileType = sourcecode.c.h; path = stringbuffer.h; sourceTree = "<group>"; };
		0EB7DC13229E212300204A43 /* ieee754.h */ = {isa = PBXFileReference; fileEncoding = 4; lastKnownFileType = sourcecode.c.h; path = ieee754.h; sourceTree = "<group>"; };
		0EB7DC14229E212300204A43 /* strtod.h */ = {isa = PBXFileReference; fileEncoding = 4; lastKnownFileType = sourcecode.c.h; path = strtod.h; sourceTree = "<group>"; };
		0EB7DC15229E212300204A43 /* swap.h */ = {isa = PBXFileReference; fileEncoding = 4; lastKnownFileType = sourcecode.c.h; path = swap.h; sourceTree = "<group>"; };
		0EB7DC16229E212300204A43 /* regex.h */ = {isa = PBXFileReference; fileEncoding = 4; lastKnownFileType = sourcecode.c.h; path = regex.h; sourceTree = "<group>"; };
		0EB7DC17229E212300204A43 /* diyfp.h */ = {isa = PBXFileReference; fileEncoding = 4; lastKnownFileType = sourcecode.c.h; path = diyfp.h; sourceTree = "<group>"; };
		0EB7DC18229E212300204A43 /* biginteger.h */ = {isa = PBXFileReference; fileEncoding = 4; lastKnownFileType = sourcecode.c.h; path = biginteger.h; sourceTree = "<group>"; };
		0EB7DC19229E212300204A43 /* strfunc.h */ = {isa = PBXFileReference; fileEncoding = 4; lastKnownFileType = sourcecode.c.h; path = strfunc.h; sourceTree = "<group>"; };
		0EB7DC1A229E212300204A43 /* itoa.h */ = {isa = PBXFileReference; fileEncoding = 4; lastKnownFileType = sourcecode.c.h; path = itoa.h; sourceTree = "<group>"; };
		0EB7DC1B229E212300204A43 /* stack.h */ = {isa = PBXFileReference; fileEncoding = 4; lastKnownFileType = sourcecode.c.h; path = stack.h; sourceTree = "<group>"; };
		0EB7DC1C229E212300204A43 /* dtoa.h */ = {isa = PBXFileReference; fileEncoding = 4; lastKnownFileType = sourcecode.c.h; path = dtoa.h; sourceTree = "<group>"; };
		0EB7DC1D229E212300204A43 /* meta.h */ = {isa = PBXFileReference; fileEncoding = 4; lastKnownFileType = sourcecode.c.h; path = meta.h; sourceTree = "<group>"; };
		0EB7DC1E229E212300204A43 /* pow10.h */ = {isa = PBXFileReference; fileEncoding = 4; lastKnownFileType = sourcecode.c.h; path = pow10.h; sourceTree = "<group>"; };
		0EB7DC1F229E212300204A43 /* encodings.h */ = {isa = PBXFileReference; fileEncoding = 4; lastKnownFileType = sourcecode.c.h; path = encodings.h; sourceTree = "<group>"; };
		0EB7DC20229E212300204A43 /* schema.h */ = {isa = PBXFileReference; fileEncoding = 4; lastKnownFileType = sourcecode.c.h; path = schema.h; sourceTree = "<group>"; };
		0EB7DC21229E212300204A43 /* stream.h */ = {isa = PBXFileReference; fileEncoding = 4; lastKnownFileType = sourcecode.c.h; path = stream.h; sourceTree = "<group>"; };
		0EB7DC22229E212300204A43 /* filewritestream.h */ = {isa = PBXFileReference; fileEncoding = 4; lastKnownFileType = sourcecode.c.h; path = filewritestream.h; sourceTree = "<group>"; };
		0EB7DC23229E212300204A43 /* rapidjson.h */ = {isa = PBXFileReference; fileEncoding = 4; lastKnownFileType = sourcecode.c.h; path = rapidjson.h; sourceTree = "<group>"; };
		0EB7DC24229E212300204A43 /* document.h */ = {isa = PBXFileReference; fileEncoding = 4; lastKnownFileType = sourcecode.c.h; path = document.h; sourceTree = "<group>"; };
		0EB7DC25229E212300204A43 /* allocators.h */ = {isa = PBXFileReference; fileEncoding = 4; lastKnownFileType = sourcecode.c.h; path = allocators.h; sourceTree = "<group>"; };
		0EB7DC26229E212300204A43 /* writer.h */ = {isa = PBXFileReference; fileEncoding = 4; lastKnownFileType = sourcecode.c.h; path = writer.h; sourceTree = "<group>"; };
		0EB7DC28229E212300204A43 /* error.h */ = {isa = PBXFileReference; fileEncoding = 4; lastKnownFileType = sourcecode.c.h; path = error.h; sourceTree = "<group>"; };
		0EB7DC29229E212300204A43 /* en.h */ = {isa = PBXFileReference; fileEncoding = 4; lastKnownFileType = sourcecode.c.h; path = en.h; sourceTree = "<group>"; };
		0EB7DC2A229E212300204A43 /* memorybuffer.h */ = {isa = PBXFileReference; fileEncoding = 4; lastKnownFileType = sourcecode.c.h; path = memorybuffer.h; sourceTree = "<group>"; };
		0EB7DC2B229E212300204A43 /* pointer.h */ = {isa = PBXFileReference; fileEncoding = 4; lastKnownFileType = sourcecode.c.h; path = pointer.h; sourceTree = "<group>"; };
		0EB7DC2D229E212300204A43 /* inttypes.h */ = {isa = PBXFileReference; fileEncoding = 4; lastKnownFileType = sourcecode.c.h; path = inttypes.h; sourceTree = "<group>"; };
		0EB7DC2E229E212300204A43 /* stdint.h */ = {isa = PBXFileReference; fileEncoding = 4; lastKnownFileType = sourcecode.c.h; path = stdint.h; sourceTree = "<group>"; };
		0EB7DC2F229E212300204A43 /* CCSlot.h */ = {isa = PBXFileReference; fileEncoding = 4; lastKnownFileType = sourcecode.c.h; name = CCSlot.h; path = ../src/CCSlot.h; sourceTree = "<group>"; };
		0EB7DC31229E212300204A43 /* DragonBonesHeaders.h */ = {isa = PBXFileReference; fileEncoding = 4; lastKnownFileType = sourcecode.c.h; path = DragonBonesHeaders.h; sourceTree = "<group>"; };
		0EB7DC33229E212300204A43 /* BaseObject.h */ = {isa = PBXFileReference; fileEncoding = 4; lastKnownFileType = sourcecode.c.h; path = BaseObject.h; sourceTree = "<group>"; };
		0EB7DC34229E212300204A43 /* BaseObject.cpp */ = {isa = PBXFileReference; fileEncoding = 4; lastKnownFileType = sourcecode.cpp.cpp; path = BaseObject.cpp; sourceTree = "<group>"; };
		0EB7DC35229E212300204A43 /* DragonBones.h */ = {isa = PBXFileReference; fileEncoding = 4; lastKnownFileType = sourcecode.c.h; path = DragonBones.h; sourceTree = "<group>"; };
		0EB7DC36229E212300204A43 /* DragonBones.cpp */ = {isa = PBXFileReference; fileEncoding = 4; lastKnownFileType = sourcecode.cpp.cpp; path = DragonBones.cpp; sourceTree = "<group>"; };
		0EB7DC38229E212300204A43 /* Bone.cpp */ = {isa = PBXFileReference; fileEncoding = 4; lastKnownFileType = sourcecode.cpp.cpp; path = Bone.cpp; sourceTree = "<group>"; };
		0EB7DC39229E212300204A43 /* TransformObject.h */ = {isa = PBXFileReference; fileEncoding = 4; lastKnownFileType = sourcecode.c.h; path = TransformObject.h; sourceTree = "<group>"; };
		0EB7DC3A229E212300204A43 /* DeformVertices.cpp */ = {isa = PBXFileReference; fileEncoding = 4; lastKnownFileType = sourcecode.cpp.cpp; path = DeformVertices.cpp; sourceTree = "<group>"; };
		0EB7DC3B229E212300204A43 /* Bone.h */ = {isa = PBXFileReference; fileEncoding = 4; lastKnownFileType = sourcecode.c.h; path = Bone.h; sourceTree = "<group>"; };
		0EB7DC3C229E212300204A43 /* Constraint.cpp */ = {isa = PBXFileReference; fileEncoding = 4; lastKnownFileType = sourcecode.cpp.cpp; path = Constraint.cpp; sourceTree = "<group>"; };
		0EB7DC3D229E212300204A43 /* Armature.cpp */ = {isa = PBXFileReference; fileEncoding = 4; lastKnownFileType = sourcecode.cpp.cpp; path = Armature.cpp; sourceTree = "<group>"; };
		0EB7DC3E229E212300204A43 /* DeformVertices.h */ = {isa = PBXFileReference; fileEncoding = 4; lastKnownFileType = sourcecode.c.h; path = DeformVertices.h; sourceTree = "<group>"; };
		0EB7DC3F229E212300204A43 /* Armature.h */ = {isa = PBXFileReference; fileEncoding = 4; lastKnownFileType = sourcecode.c.h; path = Armature.h; sourceTree = "<group>"; };
		0EB7DC40229E212300204A43 /* Constraint.h */ = {isa = PBXFileReference; fileEncoding = 4; lastKnownFileType = sourcecode.c.h; path = Constraint.h; sourceTree = "<group>"; };
		0EB7DC41229E212300204A43 /* IArmatureProxy.h */ = {isa = PBXFileReference; fileEncoding = 4; lastKnownFileType = sourcecode.c.h; path = IArmatureProxy.h; sourceTree = "<group>"; };
		0EB7DC42229E212300204A43 /* Slot.cpp */ = {isa = PBXFileReference; fileEncoding = 4; lastKnownFileType = sourcecode.cpp.cpp; path = Slot.cpp; sourceTree = "<group>"; };
		0EB7DC43229E212300204A43 /* Slot.h */ = {isa = PBXFileReference; fileEncoding = 4; lastKnownFileType = sourcecode.c.h; path = Slot.h; sourceTree = "<group>"; };
		0EB7DC44229E212300204A43 /* TransformObject.cpp */ = {isa = PBXFileReference; fileEncoding = 4; lastKnownFileType = sourcecode.cpp.cpp; path = TransformObject.cpp; sourceTree = "<group>"; };
		0EB7DC46229E212300204A43 /* Animation.h */ = {isa = PBXFileReference; fileEncoding = 4; lastKnownFileType = sourcecode.c.h; path = Animation.h; sourceTree = "<group>"; };
		0EB7DC47229E212300204A43 /* BaseTimelineState.h */ = {isa = PBXFileReference; fileEncoding = 4; lastKnownFileType = sourcecode.c.h; path = BaseTimelineState.h; sourceTree = "<group>"; };
		0EB7DC48229E212300204A43 /* WorldClock.h */ = {isa = PBXFileReference; fileEncoding = 4; lastKnownFileType = sourcecode.c.h; path = WorldClock.h; sourceTree = "<group>"; };
		0EB7DC49229E212300204A43 /* WorldClock.cpp */ = {isa = PBXFileReference; fileEncoding = 4; lastKnownFileType = sourcecode.cpp.cpp; path = WorldClock.cpp; sourceTree = "<group>"; };
		0EB7DC4A229E212300204A43 /* TimelineState.h */ = {isa = PBXFileReference; fileEncoding = 4; lastKnownFileType = sourcecode.c.h; path = TimelineState.h; sourceTree = "<group>"; };
		0EB7DC4B229E212300204A43 /* TimelineState.cpp */ = {isa = PBXFileReference; fileEncoding = 4; lastKnownFileType = sourcecode.cpp.cpp; path = TimelineState.cpp; sourceTree = "<group>"; };
		0EB7DC4C229E212300204A43 /* BaseTimelineState.cpp */ = {isa = PBXFileReference; fileEncoding = 4; lastKnownFileType = sourcecode.cpp.cpp; path = BaseTimelineState.cpp; sourceTree = "<group>"; };
		0EB7DC4D229E212300204A43 /* Animation.cpp */ = {isa = PBXFileReference; fileEncoding = 4; lastKnownFileType = sourcecode.cpp.cpp; path = Animation.cpp; sourceTree = "<group>"; };
		0EB7DC4E229E212300204A43 /* IAnimatable.h */ = {isa = PBXFileReference; fileEncoding = 4; lastKnownFileType = sourcecode.c.h; path = IAnimatable.h; sourceTree = "<group>"; };
		0EB7DC4F229E212300204A43 /* AnimationState.cpp */ = {isa = PBXFileReference; fileEncoding = 4; lastKnownFileType = sourcecode.cpp.cpp; path = AnimationState.cpp; sourceTree = "<group>"; };
		0EB7DC50229E212300204A43 /* AnimationState.h */ = {isa = PBXFileReference; fileEncoding = 4; lastKnownFileType = sourcecode.c.h; path = AnimationState.h; sourceTree = "<group>"; };
		0EB7DC52229E212300204A43 /* JSONDataParser.h */ = {isa = PBXFileReference; fileEncoding = 4; lastKnownFileType = sourcecode.c.h; path = JSONDataParser.h; sourceTree = "<group>"; };
		0EB7DC53229E212300204A43 /* DataParser.h */ = {isa = PBXFileReference; fileEncoding = 4; lastKnownFileType = sourcecode.c.h; path = DataParser.h; sourceTree = "<group>"; };
		0EB7DC54229E212300204A43 /* BinaryDataParser.cpp */ = {isa = PBXFileReference; fileEncoding = 4; lastKnownFileType = sourcecode.cpp.cpp; path = BinaryDataParser.cpp; sourceTree = "<group>"; };
		0EB7DC55229E212300204A43 /* JSONDataParser.cpp */ = {isa = PBXFileReference; fileEncoding = 4; lastKnownFileType = sourcecode.cpp.cpp; path = JSONDataParser.cpp; sourceTree = "<group>"; };
		0EB7DC56229E212300204A43 /* DataParser.cpp */ = {isa = PBXFileReference; fileEncoding = 4; lastKnownFileType = sourcecode.cpp.cpp; path = DataParser.cpp; sourceTree = "<group>"; };
		0EB7DC57229E212300204A43 /* BinaryDataParser.h */ = {isa = PBXFileReference; fileEncoding = 4; lastKnownFileType = sourcecode.c.h; path = BinaryDataParser.h; sourceTree = "<group>"; };
		0EB7DC59229E212300204A43 /* Point.h */ = {isa = PBXFileReference; fileEncoding = 4; lastKnownFileType = sourcecode.c.h; path = Point.h; sourceTree = "<group>"; };
		0EB7DC5A229E212300204A43 /* Matrix.h */ = {isa = PBXFileReference; fileEncoding = 4; lastKnownFileType = sourcecode.c.h; path = Matrix.h; sourceTree = "<group>"; };
		0EB7DC5B229E212300204A43 /* Transform.cpp */ = {isa = PBXFileReference; fileEncoding = 4; lastKnownFileType = sourcecode.cpp.cpp; path = Transform.cpp; sourceTree = "<group>"; };
		0EB7DC5C229E212300204A43 /* Point.cpp */ = {isa = PBXFileReference; fileEncoding = 4; lastKnownFileType = sourcecode.cpp.cpp; path = Point.cpp; sourceTree = "<group>"; };
		0EB7DC5D229E212300204A43 /* Transform.h */ = {isa = PBXFileReference; fileEncoding = 4; lastKnownFileType = sourcecode.c.h; path = Transform.h; sourceTree = "<group>"; };
		0EB7DC5E229E212300204A43 /* Rectangle.h */ = {isa = PBXFileReference; fileEncoding = 4; lastKnownFileType = sourcecode.c.h; path = Rectangle.h; sourceTree = "<group>"; };
		0EB7DC5F229E212300204A43 /* ColorTransform.h */ = {isa = PBXFileReference; fileEncoding = 4; lastKnownFileType = sourcecode.c.h; path = ColorTransform.h; sourceTree = "<group>"; };
		0EB7DC61229E212300204A43 /* ArmatureData.h */ = {isa = PBXFileReference; fileEncoding = 4; lastKnownFileType = sourcecode.c.h; path = ArmatureData.h; sourceTree = "<group>"; };
		0EB7DC62229E212300204A43 /* BoundingBoxData.h */ = {isa = PBXFileReference; fileEncoding = 4; lastKnownFileType = sourcecode.c.h; path = BoundingBoxData.h; sourceTree = "<group>"; };
		0EB7DC63229E212300204A43 /* TextureAtlasData.h */ = {isa = PBXFileReference; fileEncoding = 4; lastKnownFileType = sourcecode.c.h; path = TextureAtlasData.h; sourceTree = "<group>"; };
		0EB7DC64229E212300204A43 /* DragonBonesData.cpp */ = {isa = PBXFileReference; fileEncoding = 4; lastKnownFileType = sourcecode.cpp.cpp; path = DragonBonesData.cpp; sourceTree = "<group>"; };
		0EB7DC65229E212300204A43 /* AnimationData.h */ = {isa = PBXFileReference; fileEncoding = 4; lastKnownFileType = sourcecode.c.h; path = AnimationData.h; sourceTree = "<group>"; };
		0EB7DC66229E212300204A43 /* BoundingBoxData.cpp */ = {isa = PBXFileReference; fileEncoding = 4; lastKnownFileType = sourcecode.cpp.cpp; path = BoundingBoxData.cpp; sourceTree = "<group>"; };
		0EB7DC67229E212300204A43 /* DisplayData.cpp */ = {isa = PBXFileReference; fileEncoding = 4; lastKnownFileType = sourcecode.cpp.cpp; path = DisplayData.cpp; sourceTree = "<group>"; };
		0EB7DC68229E212300204A43 /* ConstraintData.cpp */ = {isa = PBXFileReference; fileEncoding = 4; lastKnownFileType = sourcecode.cpp.cpp; path = ConstraintData.cpp; sourceTree = "<group>"; };
		0EB7DC69229E212300204A43 /* AnimationConfig.cpp */ = {isa = PBXFileReference; fileEncoding = 4; lastKnownFileType = sourcecode.cpp.cpp; path = AnimationConfig.cpp; sourceTree = "<group>"; };
		0EB7DC6A229E212300204A43 /* UserData.h */ = {isa = PBXFileReference; fileEncoding = 4; lastKnownFileType = sourcecode.c.h; path = UserData.h; sourceTree = "<group>"; };
		0EB7DC6B229E212300204A43 /* SkinData.cpp */ = {isa = PBXFileReference; fileEncoding = 4; lastKnownFileType = sourcecode.cpp.cpp; path = SkinData.cpp; sourceTree = "<group>"; };
		0EB7DC6C229E212300204A43 /* SkinData.h */ = {isa = PBXFileReference; fileEncoding = 4; lastKnownFileType = sourcecode.c.h; path = SkinData.h; sourceTree = "<group>"; };
		0EB7DC6D229E212300204A43 /* DisplayData.h */ = {isa = PBXFileReference; fileEncoding = 4; lastKnownFileType = sourcecode.c.h; path = DisplayData.h; sourceTree = "<group>"; };
		0EB7DC6E229E212300204A43 /* AnimationData.cpp */ = {isa = PBXFileReference; fileEncoding = 4; lastKnownFileType = sourcecode.cpp.cpp; path = AnimationData.cpp; sourceTree = "<group>"; };
		0EB7DC6F229E212300204A43 /* CanvasData.cpp */ = {isa = PBXFileReference; fileEncoding = 4; lastKnownFileType = sourcecode.cpp.cpp; path = CanvasData.cpp; sourceTree = "<group>"; };
		0EB7DC70229E212300204A43 /* ArmatureData.cpp */ = {isa = PBXFileReference; fileEncoding = 4; lastKnownFileType = sourcecode.cpp.cpp; path = ArmatureData.cpp; sourceTree = "<group>"; };
		0EB7DC71229E212300204A43 /* CanvasData.h */ = {isa = PBXFileReference; fileEncoding = 4; lastKnownFileType = sourcecode.c.h; path = CanvasData.h; sourceTree = "<group>"; };
		0EB7DC72229E212300204A43 /* DragonBonesData.h */ = {isa = PBXFileReference; fileEncoding = 4; lastKnownFileType = sourcecode.c.h; path = DragonBonesData.h; sourceTree = "<group>"; };
		0EB7DC73229E212300204A43 /* AnimationConfig.h */ = {isa = PBXFileReference; fileEncoding = 4; lastKnownFileType = sourcecode.c.h; path = AnimationConfig.h; sourceTree = "<group>"; };
		0EB7DC74229E212300204A43 /* ConstraintData.h */ = {isa = PBXFileReference; fileEncoding = 4; lastKnownFileType = sourcecode.c.h; path = ConstraintData.h; sourceTree = "<group>"; };
		0EB7DC75229E212300204A43 /* UserData.cpp */ = {isa = PBXFileReference; fileEncoding = 4; lastKnownFileType = sourcecode.cpp.cpp; path = UserData.cpp; sourceTree = "<group>"; };
		0EB7DC76229E212300204A43 /* TextureAtlasData.cpp */ = {isa = PBXFileReference; fileEncoding = 4; lastKnownFileType = sourcecode.cpp.cpp; path = TextureAtlasData.cpp; sourceTree = "<group>"; };
		0EB7DC78229E212300204A43 /* EventObject.cpp */ = {isa = PBXFileReference; fileEncoding = 4; lastKnownFileType = sourcecode.cpp.cpp; path = EventObject.cpp; sourceTree = "<group>"; };
		0EB7DC79229E212300204A43 /* EventObject.h */ = {isa = PBXFileReference; fileEncoding = 4; lastKnownFileType = sourcecode.c.h; path = EventObject.h; sourceTree = "<group>"; };
		0EB7DC7A229E212300204A43 /* IEventDispatcher.h */ = {isa = PBXFileReference; fileEncoding = 4; lastKnownFileType = sourcecode.c.h; path = IEventDispatcher.h; sourceTree = "<group>"; };
		0EB7DC7C229E212300204A43 /* BaseFactory.cpp */ = {isa = PBXFileReference; fileEncoding = 4; lastKnownFileType = sourcecode.cpp.cpp; path = BaseFactory.cpp; sourceTree = "<group>"; };
		0EB7DC7D229E212300204A43 /* BaseFactory.h */ = {isa = PBXFileReference; fileEncoding = 4; lastKnownFileType = sourcecode.c.h; path = BaseFactory.h; sourceTree = "<group>"; };
		0EB7DC7E229E212300204A43 /* CCSlot.cpp */ = {isa = PBXFileReference; fileEncoding = 4; lastKnownFileType = sourcecode.cpp.cpp; name = CCSlot.cpp; path = ../src/CCSlot.cpp; sourceTree = "<group>"; };
		0EC904E7213175B300F8A09E /* PhotosUI.framework */ = {isa = PBXFileReference; lastKnownFileType = wrapper.framework; name = PhotosUI.framework; path = Platforms/iPhoneOS.platform/Developer/SDKs/iPhoneOS11.4.sdk/System/Library/Frameworks/PhotosUI.framework; sourceTree = DEVELOPER_DIR; };
		0EC904E9213175C100F8A09E /* Photos.framework */ = {isa = PBXFileReference; lastKnownFileType = wrapper.framework; name = Photos.framework; path = Platforms/iPhoneOS.platform/Developer/SDKs/iPhoneOS11.4.sdk/System/Library/Frameworks/Photos.framework; sourceTree = DEVELOPER_DIR; };
/* End PBXFileReference section */

/* Begin PBXFrameworksBuildPhase section */
		0E25A2D121172BC2006B88E1 /* Frameworks */ = {
			isa = PBXFrameworksBuildPhase;
			buildActionMask = 2147483647;
			files = (
			);
			runOnlyForDeploymentPostprocessing = 0;
		};
		0E25A7142117479A006B88E1 /* Frameworks */ = {
			isa = PBXFrameworksBuildPhase;
			buildActionMask = 2147483647;
			files = (
				0E25A8A2211D4123006B88E1 /* Security.framework in Frameworks */,
				0E25A89E211D410E006B88E1 /* SystemConfiguration.framework in Frameworks */,
			);
			runOnlyForDeploymentPostprocessing = 0;
		};
/* End PBXFrameworksBuildPhase section */

/* Begin PBXGroup section */
		0E25A2CB21172BC2006B88E1 = {
			isa = PBXGroup;
			children = (
				0ECC4B6221E79E0E00E3BBF9 /* src */,
				0E25A2D521172BC2006B88E1 /* Products */,
				0E25A871211839D4006B88E1 /* Frameworks */,
			);
			sourceTree = "<group>";
		};
		0E25A2D521172BC2006B88E1 /* Products */ = {
			isa = PBXGroup;
			children = (
				0E25A2D421172BC2006B88E1 /* libdragonbones Mac.a */,
				0E25A7192117479A006B88E1 /* libdragonbones iOS.a */,
			);
			name = Products;
			sourceTree = "<group>";
		};
		0E25A871211839D4006B88E1 /* Frameworks */ = {
			isa = PBXGroup;
			children = (
				0E98BC38221C044A00F1AEEA /* libcocos2d iOS.a */,
				0E98BC36221C043F00F1AEEA /* libcocos2d Mac.a */,
				0EC904E9213175C100F8A09E /* Photos.framework */,
				0EC904E7213175B300F8A09E /* PhotosUI.framework */,
				0E25A8A1211D4123006B88E1 /* Security.framework */,
				0E25A89F211D411A006B88E1 /* libz.tbd */,
				0E25A89D211D410E006B88E1 /* SystemConfiguration.framework */,
			);
			name = Frameworks;
			sourceTree = "<group>";
		};
		0EB7DC08229E212300204A43 /* rapidjson */ = {
			isa = PBXGroup;
			children = (
				0EB7DC25229E212300204A43 /* allocators.h */,
				0EB7DC24229E212300204A43 /* document.h */,
				0EB7DC0E229E212300204A43 /* encodedstream.h */,
				0EB7DC1F229E212300204A43 /* encodings.h */,
				0EB7DC0F229E212300204A43 /* filereadstream.h */,
				0EB7DC22229E212300204A43 /* filewritestream.h */,
				0EB7DC09229E212300204A43 /* fwd.h */,
				0EB7DC10229E212300204A43 /* istreamwrapper.h */,
				0EB7DC2A229E212300204A43 /* memorybuffer.h */,
				0EB7DC0A229E212300204A43 /* memorystream.h */,
				0EB7DC0D229E212300204A43 /* ostreamwrapper.h */,
				0EB7DC2B229E212300204A43 /* pointer.h */,
				0EB7DC0C229E212300204A43 /* prettywriter.h */,
				0EB7DC23229E212300204A43 /* rapidjson.h */,
				0EB7DC0B229E212300204A43 /* reader.h */,
				0EB7DC20229E212300204A43 /* schema.h */,
				0EB7DC21229E212300204A43 /* stream.h */,
				0EB7DC11229E212300204A43 /* stringbuffer.h */,
				0EB7DC26229E212300204A43 /* writer.h */,
				0EB7DC27229E212300204A43 /* error */,
				0EB7DC12229E212300204A43 /* internal */,
				0EB7DC2C229E212300204A43 /* msinttypes */,
			);
			name = rapidjson;
			path = ../src/rapidjson;
			sourceTree = "<group>";
		};
		0EB7DC12229E212300204A43 /* internal */ = {
			isa = PBXGroup;
			children = (
				0EB7DC18229E212300204A43 /* biginteger.h */,
				0EB7DC17229E212300204A43 /* diyfp.h */,
				0EB7DC1C229E212300204A43 /* dtoa.h */,
				0EB7DC13229E212300204A43 /* ieee754.h */,
				0EB7DC1A229E212300204A43 /* itoa.h */,
				0EB7DC1D229E212300204A43 /* meta.h */,
				0EB7DC1E229E212300204A43 /* pow10.h */,
				0EB7DC16229E212300204A43 /* regex.h */,
				0EB7DC1B229E212300204A43 /* stack.h */,
				0EB7DC19229E212300204A43 /* strfunc.h */,
				0EB7DC14229E212300204A43 /* strtod.h */,
				0EB7DC15229E212300204A43 /* swap.h */,
			);
			path = internal;
			sourceTree = "<group>";
		};
		0EB7DC27229E212300204A43 /* error */ = {
			isa = PBXGroup;
			children = (
				0EB7DC29229E212300204A43 /* en.h */,
				0EB7DC28229E212300204A43 /* error.h */,
			);
			path = error;
			sourceTree = "<group>";
		};
		0EB7DC2C229E212300204A43 /* msinttypes */ = {
			isa = PBXGroup;
			children = (
				0EB7DC2D229E212300204A43 /* inttypes.h */,
				0EB7DC2E229E212300204A43 /* stdint.h */,
			);
			path = msinttypes;
			sourceTree = "<group>";
		};
		0EB7DC30229E212300204A43 /* dragonBones */ = {
			isa = PBXGroup;
			children = (
				0EB7DC31229E212300204A43 /* DragonBonesHeaders.h */,
				0EB7DC45229E212300204A43 /* animation */,
				0EB7DC37229E212300204A43 /* armature */,
				0EB7DC32229E212300204A43 /* core */,
				0EB7DC77229E212300204A43 /* event */,
				0EB7DC7B229E212300204A43 /* factory */,
				0EB7DC58229E212300204A43 /* geom */,
				0EB7DC60229E212300204A43 /* model */,
				0EB7DC51229E212300204A43 /* parser */,
			);
			name = dragonBones;
			path = ../src/dragonBones;
			sourceTree = "<group>";
		};
		0EB7DC32229E212300204A43 /* core */ = {
			isa = PBXGroup;
			children = (
				0EB7DC34229E212300204A43 /* BaseObject.cpp */,
				0EB7DC33229E212300204A43 /* BaseObject.h */,
				0EB7DC36229E212300204A43 /* DragonBones.cpp */,
				0EB7DC35229E212300204A43 /* DragonBones.h */,
			);
			path = core;
			sourceTree = "<group>";
		};
		0EB7DC37229E212300204A43 /* armature */ = {
			isa = PBXGroup;
			children = (
				0EB7DC3D229E212300204A43 /* Armature.cpp */,
				0EB7DC3F229E212300204A43 /* Armature.h */,
				0EB7DC38229E212300204A43 /* Bone.cpp */,
				0EB7DC3B229E212300204A43 /* Bone.h */,
				0EB7DC3C229E212300204A43 /* Constraint.cpp */,
				0EB7DC40229E212300204A43 /* Constraint.h */,
				0EB7DC3A229E212300204A43 /* DeformVertices.cpp */,
				0EB7DC3E229E212300204A43 /* DeformVertices.h */,
				0EB7DC41229E212300204A43 /* IArmatureProxy.h */,
				0EB7DC42229E212300204A43 /* Slot.cpp */,
				0EB7DC43229E212300204A43 /* Slot.h */,
				0EB7DC44229E212300204A43 /* TransformObject.cpp */,
				0EB7DC39229E212300204A43 /* TransformObject.h */,
			);
			path = armature;
			sourceTree = "<group>";
		};
		0EB7DC45229E212300204A43 /* animation */ = {
			isa = PBXGroup;
			children = (
				0EB7DC4D229E212300204A43 /* Animation.cpp */,
				0EB7DC46229E212300204A43 /* Animation.h */,
				0EB7DC4F229E212300204A43 /* AnimationState.cpp */,
				0EB7DC50229E212300204A43 /* AnimationState.h */,
				0EB7DC4C229E212300204A43 /* BaseTimelineState.cpp */,
				0EB7DC47229E212300204A43 /* BaseTimelineState.h */,
				0EB7DC4E229E212300204A43 /* IAnimatable.h */,
				0EB7DC4B229E212300204A43 /* TimelineState.cpp */,
				0EB7DC4A229E212300204A43 /* TimelineState.h */,
				0EB7DC49229E212300204A43 /* WorldClock.cpp */,
				0EB7DC48229E212300204A43 /* WorldClock.h */,
			);
			path = animation;
			sourceTree = "<group>";
		};
		0EB7DC51229E212300204A43 /* parser */ = {
			isa = PBXGroup;
			children = (
				0EB7DC54229E212300204A43 /* BinaryDataParser.cpp */,
				0EB7DC57229E212300204A43 /* BinaryDataParser.h */,
				0EB7DC56229E212300204A43 /* DataParser.cpp */,
				0EB7DC53229E212300204A43 /* DataParser.h */,
				0EB7DC55229E212300204A43 /* JSONDataParser.cpp */,
				0EB7DC52229E212300204A43 /* JSONDataParser.h */,
			);
			path = parser;
			sourceTree = "<group>";
		};
		0EB7DC58229E212300204A43 /* geom */ = {
			isa = PBXGroup;
			children = (
				0EB7DC5F229E212300204A43 /* ColorTransform.h */,
				0EB7DC5A229E212300204A43 /* Matrix.h */,
				0EB7DC5C229E212300204A43 /* Point.cpp */,
				0EB7DC59229E212300204A43 /* Point.h */,
				0EB7DC5E229E212300204A43 /* Rectangle.h */,
				0EB7DC5B229E212300204A43 /* Transform.cpp */,
				0EB7DC5D229E212300204A43 /* Transform.h */,
			);
			path = geom;
			sourceTree = "<group>";
		};
		0EB7DC60229E212300204A43 /* model */ = {
			isa = PBXGroup;
			children = (
				0EB7DC69229E212300204A43 /* AnimationConfig.cpp */,
				0EB7DC73229E212300204A43 /* AnimationConfig.h */,
				0EB7DC6E229E212300204A43 /* AnimationData.cpp */,
				0EB7DC65229E212300204A43 /* AnimationData.h */,
				0EB7DC70229E212300204A43 /* ArmatureData.cpp */,
				0EB7DC61229E212300204A43 /* ArmatureData.h */,
				0EB7DC66229E212300204A43 /* BoundingBoxData.cpp */,
				0EB7DC62229E212300204A43 /* BoundingBoxData.h */,
				0EB7DC6F229E212300204A43 /* CanvasData.cpp */,
				0EB7DC71229E212300204A43 /* CanvasData.h */,
				0EB7DC68229E212300204A43 /* ConstraintData.cpp */,
				0EB7DC74229E212300204A43 /* ConstraintData.h */,
				0EB7DC67229E212300204A43 /* DisplayData.cpp */,
				0EB7DC6D229E212300204A43 /* DisplayData.h */,
				0EB7DC64229E212300204A43 /* DragonBonesData.cpp */,
				0EB7DC72229E212300204A43 /* DragonBonesData.h */,
				0EB7DC6B229E212300204A43 /* SkinData.cpp */,
				0EB7DC6C229E212300204A43 /* SkinData.h */,
				0EB7DC76229E212300204A43 /* TextureAtlasData.cpp */,
				0EB7DC63229E212300204A43 /* TextureAtlasData.h */,
				0EB7DC75229E212300204A43 /* UserData.cpp */,
				0EB7DC6A229E212300204A43 /* UserData.h */,
			);
			path = model;
			sourceTree = "<group>";
		};
		0EB7DC77229E212300204A43 /* event */ = {
			isa = PBXGroup;
			children = (
				0EB7DC78229E212300204A43 /* EventObject.cpp */,
				0EB7DC79229E212300204A43 /* EventObject.h */,
				0EB7DC7A229E212300204A43 /* IEventDispatcher.h */,
			);
			path = event;
			sourceTree = "<group>";
		};
		0EB7DC7B229E212300204A43 /* factory */ = {
			isa = PBXGroup;
			children = (
				0EB7DC7C229E212300204A43 /* BaseFactory.cpp */,
				0EB7DC7D229E212300204A43 /* BaseFactory.h */,
			);
			path = factory;
			sourceTree = "<group>";
		};
		0ECC4B6221E79E0E00E3BBF9 /* src */ = {
			isa = PBXGroup;
			children = (
				0EB7DC04229E212300204A43 /* CCArmatureDisplay.cpp */,
				0EB7DC03229E212300204A43 /* CCArmatureDisplay.h */,
				0EB7DC02229E212300204A43 /* CCDragonBonesHeaders.h */,
				0EB7DC06229E212300204A43 /* CCFactory.cpp */,
				0EB7DC07229E212300204A43 /* CCFactory.h */,
				0EB7DC7E229E212300204A43 /* CCSlot.cpp */,
				0EB7DC2F229E212300204A43 /* CCSlot.h */,
				0EB7DC05229E212300204A43 /* CCTextureAtlasData.cpp */,
				0EB7DC01229E212200204A43 /* CCTextureAtlasData.h */,
				0EB7DC30229E212300204A43 /* dragonBones */,
				0EB7DC08229E212300204A43 /* rapidjson */,
			);
			name = src;
			sourceTree = "<group>";
		};
/* End PBXGroup section */

/* Begin PBXNativeTarget section */
		0E25A2D321172BC2006B88E1 /* libdragonbones Mac */ = {
			isa = PBXNativeTarget;
			buildConfigurationList = 0E25A2DD21172BC2006B88E1 /* Build configuration list for PBXNativeTarget "libdragonbones Mac" */;
			buildPhases = (
				0E25A2D021172BC2006B88E1 /* Sources */,
				0E25A2D121172BC2006B88E1 /* Frameworks */,
			);
			buildRules = (
			);
			dependencies = (
			);
			name = "libdragonbones Mac";
			productName = libxgame;
			productReference = 0E25A2D421172BC2006B88E1 /* libdragonbones Mac.a */;
			productType = "com.apple.product-type.library.static";
		};
		0E25A68C2117479A006B88E1 /* libdragonbones iOS */ = {
			isa = PBXNativeTarget;
			buildConfigurationList = 0E25A7162117479A006B88E1 /* Build configuration list for PBXNativeTarget "libdragonbones iOS" */;
			buildPhases = (
				0E25A68D2117479A006B88E1 /* Sources */,
				0E25A7142117479A006B88E1 /* Frameworks */,
			);
			buildRules = (
			);
			dependencies = (
			);
			name = "libdragonbones iOS";
			productName = libxgame;
			productReference = 0E25A7192117479A006B88E1 /* libdragonbones iOS.a */;
			productType = "com.apple.product-type.library.static";
		};
/* End PBXNativeTarget section */

/* Begin PBXProject section */
		0E25A2CC21172BC2006B88E1 /* Project object */ = {
			isa = PBXProject;
			attributes = {
				LastUpgradeCheck = 0940;
				ORGANIZATIONNAME = O;
				TargetAttributes = {
					0E25A2D321172BC2006B88E1 = {
						CreatedOnToolsVersion = 9.4.1;
					};
				};
			};
			buildConfigurationList = 0E25A2CF21172BC2006B88E1 /* Build configuration list for PBXProject "libdragonbones" */;
			compatibilityVersion = "Xcode 9.3";
			developmentRegion = en;
			hasScannedForEncodings = 0;
			knownRegions = (
				en,
				Base,
			);
			mainGroup = 0E25A2CB21172BC2006B88E1;
			productRefGroup = 0E25A2D521172BC2006B88E1 /* Products */;
			projectDirPath = "";
			projectRoot = "";
			targets = (
				0E25A2D321172BC2006B88E1 /* libdragonbones Mac */,
				0E25A68C2117479A006B88E1 /* libdragonbones iOS */,
			);
		};
/* End PBXProject section */

/* Begin PBXSourcesBuildPhase section */
		0E25A2D021172BC2006B88E1 /* Sources */ = {
			isa = PBXSourcesBuildPhase;
			buildActionMask = 2147483647;
			files = (
				0EB7DCAD229E212400204A43 /* DisplayData.cpp in Sources */,
				0EB7DCA1229E212400204A43 /* JSONDataParser.cpp in Sources */,
				0EB7DCB1229E212400204A43 /* AnimationConfig.cpp in Sources */,
				0EB7DCBB229E212400204A43 /* UserData.cpp in Sources */,
				0EB7DC8B229E212400204A43 /* DeformVertices.cpp in Sources */,
				0EB7DCC3229E212400204A43 /* CCSlot.cpp in Sources */,
				0EB7DCBD229E212400204A43 /* TextureAtlasData.cpp in Sources */,
				0EB7DC93229E212400204A43 /* TransformObject.cpp in Sources */,
				0EB7DC87229E212400204A43 /* DragonBones.cpp in Sources */,
				0EB7DCB9229E212400204A43 /* ArmatureData.cpp in Sources */,
				0EB7DC95229E212400204A43 /* WorldClock.cpp in Sources */,
				0EB7DCB3229E212400204A43 /* SkinData.cpp in Sources */,
				0EB7DCBF229E212400204A43 /* EventObject.cpp in Sources */,
				0EB7DC9D229E212400204A43 /* AnimationState.cpp in Sources */,
				0EB7DC8F229E212400204A43 /* Armature.cpp in Sources */,
				0EB7DC99229E212400204A43 /* BaseTimelineState.cpp in Sources */,
				0EB7DC83229E212400204A43 /* CCFactory.cpp in Sources */,
				0EB7DC97229E212400204A43 /* TimelineState.cpp in Sources */,
				0EB7DCC1229E212400204A43 /* BaseFactory.cpp in Sources */,
				0EB7DCA9229E212400204A43 /* DragonBonesData.cpp in Sources */,
				0EB7DCA5229E212400204A43 /* Transform.cpp in Sources */,
				0EB7DC85229E212400204A43 /* BaseObject.cpp in Sources */,
				0EB7DCB5229E212400204A43 /* AnimationData.cpp in Sources */,
				0EB7DCAF229E212400204A43 /* ConstraintData.cpp in Sources */,
				0EB7DCA7229E212400204A43 /* Point.cpp in Sources */,
				0EB7DCA3229E212400204A43 /* DataParser.cpp in Sources */,
				0EB7DC9F229E212400204A43 /* BinaryDataParser.cpp in Sources */,
				0EB7DC8D229E212400204A43 /* Constraint.cpp in Sources */,
				0EB7DC89229E212400204A43 /* Bone.cpp in Sources */,
				0EB7DCB7229E212400204A43 /* CanvasData.cpp in Sources */,
				0EB7DC7F229E212400204A43 /* CCArmatureDisplay.cpp in Sources */,
				0EB7DCAB229E212400204A43 /* BoundingBoxData.cpp in Sources */,
				0EB7DC81229E212400204A43 /* CCTextureAtlasData.cpp in Sources */,
				0EB7DC91229E212400204A43 /* Slot.cpp in Sources */,
				0EB7DC9B229E212400204A43 /* Animation.cpp in Sources */,
			);
			runOnlyForDeploymentPostprocessing = 0;
		};
		0E25A68D2117479A006B88E1 /* Sources */ = {
			isa = PBXSourcesBuildPhase;
			buildActionMask = 2147483647;
			files = (
				0EB7DCAE229E212400204A43 /* DisplayData.cpp in Sources */,
				0EB7DCA2229E212400204A43 /* JSONDataParser.cpp in Sources */,
				0EB7DCB2229E212400204A43 /* AnimationConfig.cpp in Sources */,
				0EB7DCBC229E212400204A43 /* UserData.cpp in Sources */,
				0EB7DC8C229E212400204A43 /* DeformVertices.cpp in Sources */,
				0EB7DCC4229E212400204A43 /* CCSlot.cpp in Sources */,
				0EB7DCBE229E212400204A43 /* TextureAtlasData.cpp in Sources */,
				0EB7DC94229E212400204A43 /* TransformObject.cpp in Sources */,
				0EB7DC88229E212400204A43 /* DragonBones.cpp in Sources */,
				0EB7DCBA229E212400204A43 /* ArmatureData.cpp in Sources */,
				0EB7DC96229E212400204A43 /* WorldClock.cpp in Sources */,
				0EB7DCB4229E212400204A43 /* SkinData.cpp in Sources */,
				0EB7DCC0229E212400204A43 /* EventObject.cpp in Sources */,
				0EB7DC9E229E212400204A43 /* AnimationState.cpp in Sources */,
				0EB7DC90229E212400204A43 /* Armature.cpp in Sources */,
				0EB7DC9A229E212400204A43 /* BaseTimelineState.cpp in Sources */,
				0EB7DC84229E212400204A43 /* CCFactory.cpp in Sources */,
				0EB7DC98229E212400204A43 /* TimelineState.cpp in Sources */,
				0EB7DCC2229E212400204A43 /* BaseFactory.cpp in Sources */,
				0EB7DCAA229E212400204A43 /* DragonBonesData.cpp in Sources */,
				0EB7DCA6229E212400204A43 /* Transform.cpp in Sources */,
				0EB7DC86229E212400204A43 /* BaseObject.cpp in Sources */,
				0EB7DCB6229E212400204A43 /* AnimationData.cpp in Sources */,
				0EB7DCB0229E212400204A43 /* ConstraintData.cpp in Sources */,
				0EB7DCA8229E212400204A43 /* Point.cpp in Sources */,
				0EB7DCA4229E212400204A43 /* DataParser.cpp in Sources */,
				0EB7DCA0229E212400204A43 /* BinaryDataParser.cpp in Sources */,
				0EB7DC8E229E212400204A43 /* Constraint.cpp in Sources */,
				0EB7DC8A229E212400204A43 /* Bone.cpp in Sources */,
				0EB7DCB8229E212400204A43 /* CanvasData.cpp in Sources */,
				0EB7DC80229E212400204A43 /* CCArmatureDisplay.cpp in Sources */,
				0EB7DCAC229E212400204A43 /* BoundingBoxData.cpp in Sources */,
				0EB7DC82229E212400204A43 /* CCTextureAtlasData.cpp in Sources */,
				0EB7DC92229E212400204A43 /* Slot.cpp in Sources */,
				0EB7DC9C229E212400204A43 /* Animation.cpp in Sources */,
			);
			runOnlyForDeploymentPostprocessing = 0;
		};
/* End PBXSourcesBuildPhase section */

/* Begin XCBuildConfiguration section */
		0E25A2DB21172BC2006B88E1 /* Debug */ = {
			isa = XCBuildConfiguration;
			buildSettings = {
				ALWAYS_SEARCH_USER_PATHS = NO;
				CLANG_ANALYZER_NONNULL = YES;
				CLANG_ANALYZER_NUMBER_OBJECT_CONVERSION = YES_AGGRESSIVE;
				CLANG_CXX_LANGUAGE_STANDARD = "c++0x";
				CLANG_CXX_LIBRARY = "libc++";
				CLANG_ENABLE_MODULES = YES;
				CLANG_ENABLE_OBJC_ARC = YES;
				CLANG_ENABLE_OBJC_WEAK = YES;
				CLANG_WARN_BLOCK_CAPTURE_AUTORELEASING = YES;
				CLANG_WARN_BOOL_CONVERSION = YES;
				CLANG_WARN_COMMA = YES;
				CLANG_WARN_CONSTANT_CONVERSION = YES;
				CLANG_WARN_DEPRECATED_OBJC_IMPLEMENTATIONS = YES;
				CLANG_WARN_DIRECT_OBJC_ISA_USAGE = YES_ERROR;
				CLANG_WARN_DOCUMENTATION_COMMENTS = YES;
				CLANG_WARN_EMPTY_BODY = YES;
				CLANG_WARN_ENUM_CONVERSION = YES;
				CLANG_WARN_INFINITE_RECURSION = YES;
				CLANG_WARN_INT_CONVERSION = YES;
				CLANG_WARN_NON_LITERAL_NULL_CONVERSION = YES;
				CLANG_WARN_OBJC_IMPLICIT_RETAIN_SELF = YES;
				CLANG_WARN_OBJC_LITERAL_CONVERSION = YES;
				CLANG_WARN_OBJC_ROOT_CLASS = YES_ERROR;
				CLANG_WARN_RANGE_LOOP_ANALYSIS = YES;
				CLANG_WARN_STRICT_PROTOTYPES = YES;
				CLANG_WARN_SUSPICIOUS_MOVE = YES;
				CLANG_WARN_UNGUARDED_AVAILABILITY = YES_AGGRESSIVE;
				CLANG_WARN_UNREACHABLE_CODE = YES;
				CLANG_WARN__DUPLICATE_METHOD_MATCH = YES;
				COPY_PHASE_STRIP = NO;
				DEBUG_INFORMATION_FORMAT = dwarf;
				ENABLE_STRICT_OBJC_MSGSEND = YES;
				ENABLE_TESTABILITY = YES;
				GCC_C_LANGUAGE_STANDARD = c99;
				GCC_DYNAMIC_NO_PIC = NO;
				GCC_NO_COMMON_BLOCKS = YES;
				GCC_OPTIMIZATION_LEVEL = 0;
				GCC_PREPROCESSOR_DEFINITIONS = (
					"COCOS2D_DEBUG=1",
					USE_FILE32API,
					"CC_ENABLE_CHIPMUNK_INTEGRATION=1",
					"CC_ENABLE_SCRIPT_BINDING=0",
					"CC_CONSTRUCTOR_ACCESS=public",
					"CC_FILEUTILS_APPLE_ENABLE_OBJC=0",
					STDC_HEADERS,
					OLUA_DEBUG,
				);
				GCC_SYMBOLS_PRIVATE_EXTERN = YES;
				GCC_WARN_64_TO_32_BIT_CONVERSION = YES;
				GCC_WARN_ABOUT_RETURN_TYPE = YES_ERROR;
				GCC_WARN_UNDECLARED_SELECTOR = YES;
				GCC_WARN_UNINITIALIZED_AUTOS = YES_AGGRESSIVE;
				GCC_WARN_UNUSED_FUNCTION = YES;
				GCC_WARN_UNUSED_VARIABLE = YES;
				HEADER_SEARCH_PATHS = (
					"$(SRCROOT)/../../cocos2d-x",
					"$(SRCROOT)/../../cocos2d-x/cocos/audio/include",
					"$(SRCROOT)/../../cocos2d-x/cocos",
					"$(SRCROOT)/../src",
				);
				IPHONEOS_DEPLOYMENT_TARGET = 9.0;
				MACOSX_DEPLOYMENT_TARGET = 10.7;
				MTL_ENABLE_DEBUG_INFO = YES;
				ONLY_ACTIVE_ARCH = YES;
				SDKROOT = macosx;
				WARNING_CFLAGS = (
					"-Wno-documentation",
					"-Wno-shorten-64-to-32",
					"-Wno-unused",
					"-Wno-switch",
				);
			};
			name = Debug;
		};
		0E25A2DC21172BC2006B88E1 /* Release */ = {
			isa = XCBuildConfiguration;
			buildSettings = {
				ALWAYS_SEARCH_USER_PATHS = NO;
				CLANG_ANALYZER_NONNULL = YES;
				CLANG_ANALYZER_NUMBER_OBJECT_CONVERSION = YES_AGGRESSIVE;
				CLANG_CXX_LANGUAGE_STANDARD = "c++0x";
				CLANG_CXX_LIBRARY = "libc++";
				CLANG_ENABLE_MODULES = YES;
				CLANG_ENABLE_OBJC_ARC = YES;
				CLANG_ENABLE_OBJC_WEAK = YES;
				CLANG_WARN_BLOCK_CAPTURE_AUTORELEASING = YES;
				CLANG_WARN_BOOL_CONVERSION = YES;
				CLANG_WARN_COMMA = YES;
				CLANG_WARN_CONSTANT_CONVERSION = YES;
				CLANG_WARN_DEPRECATED_OBJC_IMPLEMENTATIONS = YES;
				CLANG_WARN_DIRECT_OBJC_ISA_USAGE = YES_ERROR;
				CLANG_WARN_DOCUMENTATION_COMMENTS = YES;
				CLANG_WARN_EMPTY_BODY = YES;
				CLANG_WARN_ENUM_CONVERSION = YES;
				CLANG_WARN_INFINITE_RECURSION = YES;
				CLANG_WARN_INT_CONVERSION = YES;
				CLANG_WARN_NON_LITERAL_NULL_CONVERSION = YES;
				CLANG_WARN_OBJC_IMPLICIT_RETAIN_SELF = YES;
				CLANG_WARN_OBJC_LITERAL_CONVERSION = YES;
				CLANG_WARN_OBJC_ROOT_CLASS = YES_ERROR;
				CLANG_WARN_RANGE_LOOP_ANALYSIS = YES;
				CLANG_WARN_STRICT_PROTOTYPES = YES;
				CLANG_WARN_SUSPICIOUS_MOVE = YES;
				CLANG_WARN_UNGUARDED_AVAILABILITY = YES_AGGRESSIVE;
				CLANG_WARN_UNREACHABLE_CODE = YES;
				CLANG_WARN__DUPLICATE_METHOD_MATCH = YES;
				COPY_PHASE_STRIP = NO;
				DEBUG_INFORMATION_FORMAT = "dwarf-with-dsym";
				ENABLE_NS_ASSERTIONS = NO;
				ENABLE_STRICT_OBJC_MSGSEND = YES;
				GCC_C_LANGUAGE_STANDARD = c99;
				GCC_NO_COMMON_BLOCKS = YES;
				GCC_PREPROCESSOR_DEFINITIONS = (
					"CC_ENABLE_CHIPMUNK_INTEGRATION=1",
					NDEBUG,
					USE_FILE32API,
					"CC_ENABLE_SCRIPT_BINDING=0",
					"CC_CONSTRUCTOR_ACCESS=public",
					"CC_FILEUTILS_APPLE_ENABLE_OBJC=0",
					STDC_HEADERS,
				);
				GCC_SYMBOLS_PRIVATE_EXTERN = YES;
				GCC_WARN_64_TO_32_BIT_CONVERSION = YES;
				GCC_WARN_ABOUT_RETURN_TYPE = YES_ERROR;
				GCC_WARN_UNDECLARED_SELECTOR = YES;
				GCC_WARN_UNINITIALIZED_AUTOS = YES_AGGRESSIVE;
				GCC_WARN_UNUSED_FUNCTION = YES;
				GCC_WARN_UNUSED_VARIABLE = YES;
				HEADER_SEARCH_PATHS = (
					"$(SRCROOT)/../../cocos2d-x",
					"$(SRCROOT)/../../cocos2d-x/cocos/audio/include",
					"$(SRCROOT)/../../cocos2d-x/cocos",
					"$(SRCROOT)/../src",
				);
				IPHONEOS_DEPLOYMENT_TARGET = 9.0;
				MACOSX_DEPLOYMENT_TARGET = 10.7;
				MTL_ENABLE_DEBUG_INFO = NO;
				SDKROOT = macosx;
				VALIDATE_PRODUCT = YES;
				WARNING_CFLAGS = (
					"-Wno-documentation",
					"-Wno-shorten-64-to-32",
					"-Wno-unused",
					"-Wno-switch",
				);
			};
			name = Release;
		};
		0E25A2DE21172BC2006B88E1 /* Debug */ = {
			isa = XCBuildConfiguration;
			buildSettings = {
				CODE_SIGN_STYLE = Automatic;
				EXECUTABLE_PREFIX = "";
				GCC_PREPROCESSOR_DEFINITIONS = (
					"$(inherited)",
					CC_TARGET_OS_MAC,
				);
				HEADER_SEARCH_PATHS = (
					"$(inherited)",
					"$(SRCROOT)/../../cocos2d-x/external/glfw3/include/mac",
				);
				PRODUCT_NAME = "$(TARGET_NAME)";
				SKIP_INSTALL = YES;
				TARGETED_DEVICE_FAMILY = "1,2";
			};
			name = Debug;
		};
		0E25A2DF21172BC2006B88E1 /* Release */ = {
			isa = XCBuildConfiguration;
			buildSettings = {
				CODE_SIGN_STYLE = Automatic;
				EXECUTABLE_PREFIX = "";
				GCC_PREPROCESSOR_DEFINITIONS = (
					"$(inherited)",
					CC_TARGET_OS_MAC,
				);
				HEADER_SEARCH_PATHS = (
					"$(inherited)",
					"$(SRCROOT)/../../cocos2d-x/external/glfw3/include/mac",
				);
				PRODUCT_NAME = "$(TARGET_NAME)";
				SKIP_INSTALL = YES;
				TARGETED_DEVICE_FAMILY = "1,2";
			};
			name = Release;
		};
		0E25A7172117479A006B88E1 /* Debug */ = {
			isa = XCBuildConfiguration;
			buildSettings = {
				CLANG_ENABLE_OBJC_ARC = NO;
				CODE_SIGN_STYLE = Automatic;
				ENABLE_BITCODE = NO;
				EXECUTABLE_PREFIX = "";
				GCC_PREPROCESSOR_DEFINITIONS = (
					"$(inherited)",
					CC_TARGET_OS_IPHONE,
				);
				PRODUCT_NAME = "$(TARGET_NAME)";
				SDKROOT = iphoneos;
				SKIP_INSTALL = YES;
				TARGETED_DEVICE_FAMILY = "1,2";
			};
			name = Debug;
		};
		0E25A7182117479A006B88E1 /* Release */ = {
			isa = XCBuildConfiguration;
			buildSettings = {
				CLANG_ENABLE_OBJC_ARC = NO;
				CODE_SIGN_STYLE = Automatic;
				COPY_PHASE_STRIP = YES;
				ENABLE_BITCODE = NO;
				EXECUTABLE_PREFIX = "";
				GCC_PREPROCESSOR_DEFINITIONS = (
					"$(inherited)",
					CC_TARGET_OS_IPHONE,
				);
				PRODUCT_NAME = "$(TARGET_NAME)";
				SDKROOT = iphoneos;
				SKIP_INSTALL = YES;
				TARGETED_DEVICE_FAMILY = "1,2";
			};
			name = Release;
		};
/* End XCBuildConfiguration section */

/* Begin XCConfigurationList section */
		0E25A2CF21172BC2006B88E1 /* Build configuration list for PBXProject "libdragonbones" */ = {
			isa = XCConfigurationList;
			buildConfigurations = (
				0E25A2DB21172BC2006B88E1 /* Debug */,
				0E25A2DC21172BC2006B88E1 /* Release */,
			);
			defaultConfigurationIsVisible = 0;
			defaultConfigurationName = Release;
		};
		0E25A2DD21172BC2006B88E1 /* Build configuration list for PBXNativeTarget "libdragonbones Mac" */ = {
			isa = XCConfigurationList;
			buildConfigurations = (
				0E25A2DE21172BC2006B88E1 /* Debug */,
				0E25A2DF21172BC2006B88E1 /* Release */,
			);
			defaultConfigurationIsVisible = 0;
			defaultConfigurationName = Release;
		};
		0E25A7162117479A006B88E1 /* Build configuration list for PBXNativeTarget "libdragonbones iOS" */ = {
			isa = XCConfigurationList;
			buildConfigurations = (
				0E25A7172117479A006B88E1 /* Debug */,
				0E25A7182117479A006B88E1 /* Release */,
			);
			defaultConfigurationIsVisible = 0;
			defaultConfigurationName = Release;
		};
/* End XCConfigurationList section */
	};
	rootObject = 0E25A2CC21172BC2006B88E1 /* Project object */;
}
